
Microsoft Visual Studio Solution File, Format Version 12.00
# Visual Studio Version 16
VisualStudioVersion = 16.0.29503.13
MinimumVisualStudioVersion = 10.0.40219.1
Project("{2150E333-8FDC-42A3-9474-1A3956D46DE8}") = "Tests", "Tests", "{7F4ED901-668D-48FB-A172-4C263A3ABC02}"
EndProject
Project("{9A19103F-16F7-4668-BE54-9A1E7A4F7556}") = "DevelopmentInProgress.TradeView.Api.Binance", "src\DevelopmentInProgress.TradeView.Api.Binance\DevelopmentInProgress.TradeView.Api.Binance.csproj", "{9D1A16D6-8A60-4C46-A1F1-A933039DC9B6}"
EndProject
Project("{9A19103F-16F7-4668-BE54-9A1E7A4F7556}") = "DevelopmentInProgress.TradeView.Api.Kucoin", "src\DevelopmentInProgress.TradeView.Api.Kucoin\DevelopmentInProgress.TradeView.Api.Kucoin.csproj", "{22647979-0DEB-4F06-9CE3-97F7EDF0875F}"
EndProject
Project("{9A19103F-16F7-4668-BE54-9A1E7A4F7556}") = "DevelopmentInProgress.TradeView.Service", "src\DevelopmentInProgress.TradeView.Service\DevelopmentInProgress.TradeView.Service.csproj", "{B0472037-1788-4314-AC54-1D2169029329}"
EndProject
Project("{9A19103F-16F7-4668-BE54-9A1E7A4F7556}") = "DevelopmentInProgress.TradeView.Data", "src\DevelopmentInProgress.TradeView.Data\DevelopmentInProgress.TradeView.Data.csproj", "{DAC8D225-B833-41EB-A595-25A0C59CC85E}"
EndProject
Project("{9A19103F-16F7-4668-BE54-9A1E7A4F7556}") = "DevelopmentInProgress.TradeView.Data.File", "src\DevelopmentInProgress.TradeView.Data.File\DevelopmentInProgress.TradeView.Data.File.csproj", "{F86736D0-104F-4158-A2A5-26CE80DC56BB}"
EndProject
Project("{9A19103F-16F7-4668-BE54-9A1E7A4F7556}") = "DevelopmentInProgress.Strategy.Common", "src\DevelopmentInProgress.Strategy.Common\DevelopmentInProgress.Strategy.Common.csproj", "{3A4F5AD9-5AF4-4A65-9B0A-98037A4C6743}"
EndProject
Project("{9A19103F-16F7-4668-BE54-9A1E7A4F7556}") = "DevelopmentInProgress.Strategy.MovingAverage", "src\DevelopmentInProgress.Strategy.MovingAverage\DevelopmentInProgress.Strategy.MovingAverage.csproj", "{4A8A3464-37B1-4EFB-AB69-3DAE33824877}"
EndProject
Project("{9A19103F-16F7-4668-BE54-9A1E7A4F7556}") = "DevelopmentInProgress.Socket", "src\DevelopmentInProgress.Socket\DevelopmentInProgress.Socket.csproj", "{F74255BE-5A48-41AB-A175-8BBBFBE64265}"
EndProject
Project("{9A19103F-16F7-4668-BE54-9A1E7A4F7556}") = "DevelopmentInProgress.Socket.Tests", "test\DevelopmentInProgress.Socket.Tests\DevelopmentInProgress.Socket.Tests.csproj", "{6768A09F-507D-4926-B1D5-959F39061476}"
EndProject
Project("{9A19103F-16F7-4668-BE54-9A1E7A4F7556}") = "DevelopmentInProgress.TradeView.Core", "src\DevelopmentInProgress.TradeView.Core\DevelopmentInProgress.TradeView.Core.csproj", "{63C14275-0279-4CF1-BDD2-5AAB8378D6D0}"
EndProject
Project("{9A19103F-16F7-4668-BE54-9A1E7A4F7556}") = "DevelopmentInProgress.TradeView.Wpf.Controls", "src\DevelopmentInProgress.TradeView.Wpf.Controls\DevelopmentInProgress.TradeView.Wpf.Controls.csproj", "{4F53D773-3BC4-44C5-B306-6FD37995208B}"
EndProject
Project("{9A19103F-16F7-4668-BE54-9A1E7A4F7556}") = "DevelopmentInProgress.TradeView.Wpf.Common", "src\DevelopmentInProgress.TradeView.Wpf.Common\DevelopmentInProgress.TradeView.Wpf.Common.csproj", "{AEB9F266-AB1A-4F09-95C2-3246C71BB339}"
EndProject
Project("{9A19103F-16F7-4668-BE54-9A1E7A4F7556}") = "DevelopmentInProgress.Strategy.MovingAverage.Wpf", "src\DevelopmentInProgress.Strategy.MovingAverage.Wpf\DevelopmentInProgress.Strategy.MovingAverage.Wpf.csproj", "{9BE57657-E9E2-4567-93E9-1C04E9561A1A}"
EndProject
Project("{9A19103F-16F7-4668-BE54-9A1E7A4F7556}") = "DevelopmentInProgress.TradeView.Wpf.Configuration", "src\DevelopmentInProgress.TradeView.Wpf.Configuration\DevelopmentInProgress.TradeView.Wpf.Configuration.csproj", "{B51605EE-8F0B-4AFA-B8D0-1916DFB2235D}"
EndProject
Project("{9A19103F-16F7-4668-BE54-9A1E7A4F7556}") = "DevelopmentInProgress.TradeView.Wpf.Host", "src\DevelopmentInProgress.TradeView.Wpf.Host\DevelopmentInProgress.TradeView.Wpf.Host.csproj", "{3929228A-D959-4073-9917-9B81A4CDC814}"
EndProject
Project("{9A19103F-16F7-4668-BE54-9A1E7A4F7556}") = "DevelopmentInProgress.TradeView.Wpf.Dashboard", "src\DevelopmentInProgress.TradeView.Wpf.Dashboard\DevelopmentInProgress.TradeView.Wpf.Dashboard.csproj", "{3EF002B3-F0E6-4DA5-9415-496168C4D62F}"
EndProject
Project("{9A19103F-16F7-4668-BE54-9A1E7A4F7556}") = "DevelopmentInProgress.TradeView.Wpf.Strategies", "src\DevelopmentInProgress.TradeView.Wpf.Strategies\DevelopmentInProgress.TradeView.Wpf.Strategies.csproj", "{7739A0AD-E7D4-4D48-8F75-1CD9B244D6A3}"
EndProject
Project("{9A19103F-16F7-4668-BE54-9A1E7A4F7556}") = "DevelopmentInProgress.TradeView.Wpf.Trading", "src\DevelopmentInProgress.TradeView.Wpf.Trading\DevelopmentInProgress.TradeView.Wpf.Trading.csproj", "{2FBA1940-2EC9-42F8-8504-7DE15BC27DD9}"
EndProject
Project("{9A19103F-16F7-4668-BE54-9A1E7A4F7556}") = "DevelopmentInProgress.TradeView.Test.Helper", "test\DevelopmentInProgress.TradeView.Test.Helper\DevelopmentInProgress.TradeView.Test.Helper.csproj", "{2F8F314C-1BF2-44F9-A16D-A05BA9805277}"
EndProject
Project("{9A19103F-16F7-4668-BE54-9A1E7A4F7556}") = "DevelopmentInProgress.TradeView.Interface.Test", "test\DevelopmentInProgress.TradeView.Interface.Test\DevelopmentInProgress.TradeView.Interface.Test.csproj", "{751921F0-0AB9-46F5-9138-7FACF7CFFE95}"
EndProject
Project("{9A19103F-16F7-4668-BE54-9A1E7A4F7556}") = "DevelopmentInProgress.TradeView.Wpf.Common.Test", "test\DevelopmentInProgress.TradeView.Wpf.Common.Test\DevelopmentInProgress.TradeView.Wpf.Common.Test.csproj", "{BAB5C5A2-0996-49DB-84EE-C56D20FF49CE}"
EndProject
Project("{9A19103F-16F7-4668-BE54-9A1E7A4F7556}") = "DevelopmentInProgress.Strategy.Common.Test", "test\DevelopmentInProgress.Strategy.Common.Test\DevelopmentInProgress.Strategy.Common.Test.csproj", "{DA9B0C4F-545C-439D-98BD-7322FDDC438B}"
EndProject
Project("{9A19103F-16F7-4668-BE54-9A1E7A4F7556}") = "DevelopmentInProgress.TradeView.Wpf.Trading.Test", "test\DevelopmentInProgress.TradeView.Wpf.Trading.Test\DevelopmentInProgress.TradeView.Wpf.Trading.Test.csproj", "{963471D2-838A-42DE-8A4B-786E03F3603D}"
EndProject
Project("{9A19103F-16F7-4668-BE54-9A1E7A4F7556}") = "DevelopmentInProgress.TradeView.Wpf.Host.Controller", "src\DevelopmentInProgress.TradeView.Wpf.Host.Controller\DevelopmentInProgress.TradeView.Wpf.Host.Controller.csproj", "{15AA8CD0-16F1-46C1-9535-3654F22E23AA}"
EndProject
Project("{9A19103F-16F7-4668-BE54-9A1E7A4F7556}") = "DevelopmentInProgress.Socket.Extensions", "src\DevelopmentInProgress.Socket.Extensions\DevelopmentInProgress.Socket.Extensions.csproj", "{0E9D6C51-7B55-4379-8D63-76F914B29ABD}"
EndProject
Project("{9A19103F-16F7-4668-BE54-9A1E7A4F7556}") = "DevelopmentInProgress.TradeServer.StrategyExecution.WebHost", "src\DevelopmentInProgress.TradeServer.StrategyExecution.WebHost\DevelopmentInProgress.TradeServer.StrategyExecution.WebHost.csproj", "{1B9DD160-BEE9-4AE4-B73A-55D2DEA49B12}"
EndProject
Project("{9A19103F-16F7-4668-BE54-9A1E7A4F7556}") = "DevelopmentInProgress.TradeServer.Console", "src\DevelopmentInProgress.TradeServer.Console\DevelopmentInProgress.TradeServer.Console.csproj", "{4B9228F6-410D-48A9-9E3E-EB6B64A6C9FC}"
EndProject
Global
	GlobalSection(SolutionConfigurationPlatforms) = preSolution
		Debug|Any CPU = Debug|Any CPU
		Debug|ARM = Debug|ARM
		Debug|ARM64 = Debug|ARM64
		Debug|x64 = Debug|x64
		Debug|x86 = Debug|x86
		Release|Any CPU = Release|Any CPU
		Release|ARM = Release|ARM
		Release|ARM64 = Release|ARM64
		Release|x64 = Release|x64
		Release|x86 = Release|x86
	EndGlobalSection
	GlobalSection(ProjectConfigurationPlatforms) = postSolution
		{9D1A16D6-8A60-4C46-A1F1-A933039DC9B6}.Debug|Any CPU.ActiveCfg = Debug|Any CPU
		{9D1A16D6-8A60-4C46-A1F1-A933039DC9B6}.Debug|Any CPU.Build.0 = Debug|Any CPU
		{9D1A16D6-8A60-4C46-A1F1-A933039DC9B6}.Debug|ARM.ActiveCfg = Debug|Any CPU
		{9D1A16D6-8A60-4C46-A1F1-A933039DC9B6}.Debug|ARM.Build.0 = Debug|Any CPU
		{9D1A16D6-8A60-4C46-A1F1-A933039DC9B6}.Debug|ARM64.ActiveCfg = Debug|Any CPU
		{9D1A16D6-8A60-4C46-A1F1-A933039DC9B6}.Debug|ARM64.Build.0 = Debug|Any CPU
		{9D1A16D6-8A60-4C46-A1F1-A933039DC9B6}.Debug|x64.ActiveCfg = Debug|Any CPU
		{9D1A16D6-8A60-4C46-A1F1-A933039DC9B6}.Debug|x64.Build.0 = Debug|Any CPU
		{9D1A16D6-8A60-4C46-A1F1-A933039DC9B6}.Debug|x86.ActiveCfg = Debug|Any CPU
		{9D1A16D6-8A60-4C46-A1F1-A933039DC9B6}.Debug|x86.Build.0 = Debug|Any CPU
		{9D1A16D6-8A60-4C46-A1F1-A933039DC9B6}.Release|Any CPU.ActiveCfg = Release|Any CPU
		{9D1A16D6-8A60-4C46-A1F1-A933039DC9B6}.Release|Any CPU.Build.0 = Release|Any CPU
		{9D1A16D6-8A60-4C46-A1F1-A933039DC9B6}.Release|ARM.ActiveCfg = Release|Any CPU
		{9D1A16D6-8A60-4C46-A1F1-A933039DC9B6}.Release|ARM.Build.0 = Release|Any CPU
		{9D1A16D6-8A60-4C46-A1F1-A933039DC9B6}.Release|ARM64.ActiveCfg = Release|Any CPU
		{9D1A16D6-8A60-4C46-A1F1-A933039DC9B6}.Release|ARM64.Build.0 = Release|Any CPU
		{9D1A16D6-8A60-4C46-A1F1-A933039DC9B6}.Release|x64.ActiveCfg = Release|Any CPU
		{9D1A16D6-8A60-4C46-A1F1-A933039DC9B6}.Release|x64.Build.0 = Release|Any CPU
		{9D1A16D6-8A60-4C46-A1F1-A933039DC9B6}.Release|x86.ActiveCfg = Release|Any CPU
		{9D1A16D6-8A60-4C46-A1F1-A933039DC9B6}.Release|x86.Build.0 = Release|Any CPU
		{22647979-0DEB-4F06-9CE3-97F7EDF0875F}.Debug|Any CPU.ActiveCfg = Debug|Any CPU
		{22647979-0DEB-4F06-9CE3-97F7EDF0875F}.Debug|Any CPU.Build.0 = Debug|Any CPU
		{22647979-0DEB-4F06-9CE3-97F7EDF0875F}.Debug|ARM.ActiveCfg = Debug|Any CPU
		{22647979-0DEB-4F06-9CE3-97F7EDF0875F}.Debug|ARM.Build.0 = Debug|Any CPU
		{22647979-0DEB-4F06-9CE3-97F7EDF0875F}.Debug|ARM64.ActiveCfg = Debug|Any CPU
		{22647979-0DEB-4F06-9CE3-97F7EDF0875F}.Debug|ARM64.Build.0 = Debug|Any CPU
		{22647979-0DEB-4F06-9CE3-97F7EDF0875F}.Debug|x64.ActiveCfg = Debug|Any CPU
		{22647979-0DEB-4F06-9CE3-97F7EDF0875F}.Debug|x64.Build.0 = Debug|Any CPU
		{22647979-0DEB-4F06-9CE3-97F7EDF0875F}.Debug|x86.ActiveCfg = Debug|Any CPU
		{22647979-0DEB-4F06-9CE3-97F7EDF0875F}.Debug|x86.Build.0 = Debug|Any CPU
		{22647979-0DEB-4F06-9CE3-97F7EDF0875F}.Release|Any CPU.ActiveCfg = Release|Any CPU
		{22647979-0DEB-4F06-9CE3-97F7EDF0875F}.Release|Any CPU.Build.0 = Release|Any CPU
		{22647979-0DEB-4F06-9CE3-97F7EDF0875F}.Release|ARM.ActiveCfg = Release|Any CPU
		{22647979-0DEB-4F06-9CE3-97F7EDF0875F}.Release|ARM.Build.0 = Release|Any CPU
		{22647979-0DEB-4F06-9CE3-97F7EDF0875F}.Release|ARM64.ActiveCfg = Release|Any CPU
		{22647979-0DEB-4F06-9CE3-97F7EDF0875F}.Release|ARM64.Build.0 = Release|Any CPU
		{22647979-0DEB-4F06-9CE3-97F7EDF0875F}.Release|x64.ActiveCfg = Release|Any CPU
		{22647979-0DEB-4F06-9CE3-97F7EDF0875F}.Release|x64.Build.0 = Release|Any CPU
		{22647979-0DEB-4F06-9CE3-97F7EDF0875F}.Release|x86.ActiveCfg = Release|Any CPU
		{22647979-0DEB-4F06-9CE3-97F7EDF0875F}.Release|x86.Build.0 = Release|Any CPU
		{B0472037-1788-4314-AC54-1D2169029329}.Debug|Any CPU.ActiveCfg = Debug|Any CPU
		{B0472037-1788-4314-AC54-1D2169029329}.Debug|Any CPU.Build.0 = Debug|Any CPU
		{B0472037-1788-4314-AC54-1D2169029329}.Debug|ARM.ActiveCfg = Debug|Any CPU
		{B0472037-1788-4314-AC54-1D2169029329}.Debug|ARM.Build.0 = Debug|Any CPU
		{B0472037-1788-4314-AC54-1D2169029329}.Debug|ARM64.ActiveCfg = Debug|Any CPU
		{B0472037-1788-4314-AC54-1D2169029329}.Debug|ARM64.Build.0 = Debug|Any CPU
		{B0472037-1788-4314-AC54-1D2169029329}.Debug|x64.ActiveCfg = Debug|Any CPU
		{B0472037-1788-4314-AC54-1D2169029329}.Debug|x64.Build.0 = Debug|Any CPU
		{B0472037-1788-4314-AC54-1D2169029329}.Debug|x86.ActiveCfg = Debug|Any CPU
		{B0472037-1788-4314-AC54-1D2169029329}.Debug|x86.Build.0 = Debug|Any CPU
		{B0472037-1788-4314-AC54-1D2169029329}.Release|Any CPU.ActiveCfg = Release|Any CPU
		{B0472037-1788-4314-AC54-1D2169029329}.Release|Any CPU.Build.0 = Release|Any CPU
		{B0472037-1788-4314-AC54-1D2169029329}.Release|ARM.ActiveCfg = Release|Any CPU
		{B0472037-1788-4314-AC54-1D2169029329}.Release|ARM.Build.0 = Release|Any CPU
		{B0472037-1788-4314-AC54-1D2169029329}.Release|ARM64.ActiveCfg = Release|Any CPU
		{B0472037-1788-4314-AC54-1D2169029329}.Release|ARM64.Build.0 = Release|Any CPU
		{B0472037-1788-4314-AC54-1D2169029329}.Release|x64.ActiveCfg = Release|Any CPU
		{B0472037-1788-4314-AC54-1D2169029329}.Release|x64.Build.0 = Release|Any CPU
		{B0472037-1788-4314-AC54-1D2169029329}.Release|x86.ActiveCfg = Release|Any CPU
		{B0472037-1788-4314-AC54-1D2169029329}.Release|x86.Build.0 = Release|Any CPU
		{DAC8D225-B833-41EB-A595-25A0C59CC85E}.Debug|Any CPU.ActiveCfg = Debug|Any CPU
		{DAC8D225-B833-41EB-A595-25A0C59CC85E}.Debug|Any CPU.Build.0 = Debug|Any CPU
		{DAC8D225-B833-41EB-A595-25A0C59CC85E}.Debug|ARM.ActiveCfg = Debug|Any CPU
		{DAC8D225-B833-41EB-A595-25A0C59CC85E}.Debug|ARM.Build.0 = Debug|Any CPU
		{DAC8D225-B833-41EB-A595-25A0C59CC85E}.Debug|ARM64.ActiveCfg = Debug|Any CPU
		{DAC8D225-B833-41EB-A595-25A0C59CC85E}.Debug|ARM64.Build.0 = Debug|Any CPU
		{DAC8D225-B833-41EB-A595-25A0C59CC85E}.Debug|x64.ActiveCfg = Debug|Any CPU
		{DAC8D225-B833-41EB-A595-25A0C59CC85E}.Debug|x64.Build.0 = Debug|Any CPU
		{DAC8D225-B833-41EB-A595-25A0C59CC85E}.Debug|x86.ActiveCfg = Debug|Any CPU
		{DAC8D225-B833-41EB-A595-25A0C59CC85E}.Debug|x86.Build.0 = Debug|Any CPU
		{DAC8D225-B833-41EB-A595-25A0C59CC85E}.Release|Any CPU.ActiveCfg = Release|Any CPU
		{DAC8D225-B833-41EB-A595-25A0C59CC85E}.Release|Any CPU.Build.0 = Release|Any CPU
		{DAC8D225-B833-41EB-A595-25A0C59CC85E}.Release|ARM.ActiveCfg = Release|Any CPU
		{DAC8D225-B833-41EB-A595-25A0C59CC85E}.Release|ARM.Build.0 = Release|Any CPU
		{DAC8D225-B833-41EB-A595-25A0C59CC85E}.Release|ARM64.ActiveCfg = Release|Any CPU
		{DAC8D225-B833-41EB-A595-25A0C59CC85E}.Release|ARM64.Build.0 = Release|Any CPU
		{DAC8D225-B833-41EB-A595-25A0C59CC85E}.Release|x64.ActiveCfg = Release|Any CPU
		{DAC8D225-B833-41EB-A595-25A0C59CC85E}.Release|x64.Build.0 = Release|Any CPU
		{DAC8D225-B833-41EB-A595-25A0C59CC85E}.Release|x86.ActiveCfg = Release|Any CPU
		{DAC8D225-B833-41EB-A595-25A0C59CC85E}.Release|x86.Build.0 = Release|Any CPU
		{F86736D0-104F-4158-A2A5-26CE80DC56BB}.Debug|Any CPU.ActiveCfg = Debug|Any CPU
		{F86736D0-104F-4158-A2A5-26CE80DC56BB}.Debug|Any CPU.Build.0 = Debug|Any CPU
		{F86736D0-104F-4158-A2A5-26CE80DC56BB}.Debug|ARM.ActiveCfg = Debug|Any CPU
		{F86736D0-104F-4158-A2A5-26CE80DC56BB}.Debug|ARM.Build.0 = Debug|Any CPU
		{F86736D0-104F-4158-A2A5-26CE80DC56BB}.Debug|ARM64.ActiveCfg = Debug|Any CPU
		{F86736D0-104F-4158-A2A5-26CE80DC56BB}.Debug|ARM64.Build.0 = Debug|Any CPU
		{F86736D0-104F-4158-A2A5-26CE80DC56BB}.Debug|x64.ActiveCfg = Debug|Any CPU
		{F86736D0-104F-4158-A2A5-26CE80DC56BB}.Debug|x64.Build.0 = Debug|Any CPU
		{F86736D0-104F-4158-A2A5-26CE80DC56BB}.Debug|x86.ActiveCfg = Debug|Any CPU
		{F86736D0-104F-4158-A2A5-26CE80DC56BB}.Debug|x86.Build.0 = Debug|Any CPU
		{F86736D0-104F-4158-A2A5-26CE80DC56BB}.Release|Any CPU.ActiveCfg = Release|Any CPU
		{F86736D0-104F-4158-A2A5-26CE80DC56BB}.Release|Any CPU.Build.0 = Release|Any CPU
		{F86736D0-104F-4158-A2A5-26CE80DC56BB}.Release|ARM.ActiveCfg = Release|Any CPU
		{F86736D0-104F-4158-A2A5-26CE80DC56BB}.Release|ARM.Build.0 = Release|Any CPU
		{F86736D0-104F-4158-A2A5-26CE80DC56BB}.Release|ARM64.ActiveCfg = Release|Any CPU
		{F86736D0-104F-4158-A2A5-26CE80DC56BB}.Release|ARM64.Build.0 = Release|Any CPU
		{F86736D0-104F-4158-A2A5-26CE80DC56BB}.Release|x64.ActiveCfg = Release|Any CPU
		{F86736D0-104F-4158-A2A5-26CE80DC56BB}.Release|x64.Build.0 = Release|Any CPU
		{F86736D0-104F-4158-A2A5-26CE80DC56BB}.Release|x86.ActiveCfg = Release|Any CPU
		{F86736D0-104F-4158-A2A5-26CE80DC56BB}.Release|x86.Build.0 = Release|Any CPU
		{3A4F5AD9-5AF4-4A65-9B0A-98037A4C6743}.Debug|Any CPU.ActiveCfg = Debug|Any CPU
		{3A4F5AD9-5AF4-4A65-9B0A-98037A4C6743}.Debug|Any CPU.Build.0 = Debug|Any CPU
		{3A4F5AD9-5AF4-4A65-9B0A-98037A4C6743}.Debug|ARM.ActiveCfg = Debug|Any CPU
		{3A4F5AD9-5AF4-4A65-9B0A-98037A4C6743}.Debug|ARM.Build.0 = Debug|Any CPU
		{3A4F5AD9-5AF4-4A65-9B0A-98037A4C6743}.Debug|ARM64.ActiveCfg = Debug|Any CPU
		{3A4F5AD9-5AF4-4A65-9B0A-98037A4C6743}.Debug|ARM64.Build.0 = Debug|Any CPU
		{3A4F5AD9-5AF4-4A65-9B0A-98037A4C6743}.Debug|x64.ActiveCfg = Debug|Any CPU
		{3A4F5AD9-5AF4-4A65-9B0A-98037A4C6743}.Debug|x64.Build.0 = Debug|Any CPU
		{3A4F5AD9-5AF4-4A65-9B0A-98037A4C6743}.Debug|x86.ActiveCfg = Debug|Any CPU
		{3A4F5AD9-5AF4-4A65-9B0A-98037A4C6743}.Debug|x86.Build.0 = Debug|Any CPU
		{3A4F5AD9-5AF4-4A65-9B0A-98037A4C6743}.Release|Any CPU.ActiveCfg = Release|Any CPU
		{3A4F5AD9-5AF4-4A65-9B0A-98037A4C6743}.Release|Any CPU.Build.0 = Release|Any CPU
		{3A4F5AD9-5AF4-4A65-9B0A-98037A4C6743}.Release|ARM.ActiveCfg = Release|Any CPU
		{3A4F5AD9-5AF4-4A65-9B0A-98037A4C6743}.Release|ARM.Build.0 = Release|Any CPU
		{3A4F5AD9-5AF4-4A65-9B0A-98037A4C6743}.Release|ARM64.ActiveCfg = Release|Any CPU
		{3A4F5AD9-5AF4-4A65-9B0A-98037A4C6743}.Release|ARM64.Build.0 = Release|Any CPU
		{3A4F5AD9-5AF4-4A65-9B0A-98037A4C6743}.Release|x64.ActiveCfg = Release|Any CPU
		{3A4F5AD9-5AF4-4A65-9B0A-98037A4C6743}.Release|x64.Build.0 = Release|Any CPU
		{3A4F5AD9-5AF4-4A65-9B0A-98037A4C6743}.Release|x86.ActiveCfg = Release|Any CPU
		{3A4F5AD9-5AF4-4A65-9B0A-98037A4C6743}.Release|x86.Build.0 = Release|Any CPU
		{4A8A3464-37B1-4EFB-AB69-3DAE33824877}.Debug|Any CPU.ActiveCfg = Debug|Any CPU
		{4A8A3464-37B1-4EFB-AB69-3DAE33824877}.Debug|Any CPU.Build.0 = Debug|Any CPU
		{4A8A3464-37B1-4EFB-AB69-3DAE33824877}.Debug|ARM.ActiveCfg = Debug|Any CPU
		{4A8A3464-37B1-4EFB-AB69-3DAE33824877}.Debug|ARM.Build.0 = Debug|Any CPU
		{4A8A3464-37B1-4EFB-AB69-3DAE33824877}.Debug|ARM64.ActiveCfg = Debug|Any CPU
		{4A8A3464-37B1-4EFB-AB69-3DAE33824877}.Debug|ARM64.Build.0 = Debug|Any CPU
		{4A8A3464-37B1-4EFB-AB69-3DAE33824877}.Debug|x64.ActiveCfg = Debug|Any CPU
		{4A8A3464-37B1-4EFB-AB69-3DAE33824877}.Debug|x64.Build.0 = Debug|Any CPU
		{4A8A3464-37B1-4EFB-AB69-3DAE33824877}.Debug|x86.ActiveCfg = Debug|Any CPU
		{4A8A3464-37B1-4EFB-AB69-3DAE33824877}.Debug|x86.Build.0 = Debug|Any CPU
		{4A8A3464-37B1-4EFB-AB69-3DAE33824877}.Release|Any CPU.ActiveCfg = Release|Any CPU
		{4A8A3464-37B1-4EFB-AB69-3DAE33824877}.Release|Any CPU.Build.0 = Release|Any CPU
		{4A8A3464-37B1-4EFB-AB69-3DAE33824877}.Release|ARM.ActiveCfg = Release|Any CPU
		{4A8A3464-37B1-4EFB-AB69-3DAE33824877}.Release|ARM.Build.0 = Release|Any CPU
		{4A8A3464-37B1-4EFB-AB69-3DAE33824877}.Release|ARM64.ActiveCfg = Release|Any CPU
		{4A8A3464-37B1-4EFB-AB69-3DAE33824877}.Release|ARM64.Build.0 = Release|Any CPU
		{4A8A3464-37B1-4EFB-AB69-3DAE33824877}.Release|x64.ActiveCfg = Release|Any CPU
		{4A8A3464-37B1-4EFB-AB69-3DAE33824877}.Release|x64.Build.0 = Release|Any CPU
		{4A8A3464-37B1-4EFB-AB69-3DAE33824877}.Release|x86.ActiveCfg = Release|Any CPU
		{4A8A3464-37B1-4EFB-AB69-3DAE33824877}.Release|x86.Build.0 = Release|Any CPU
		{F74255BE-5A48-41AB-A175-8BBBFBE64265}.Debug|Any CPU.ActiveCfg = Debug|Any CPU
		{F74255BE-5A48-41AB-A175-8BBBFBE64265}.Debug|Any CPU.Build.0 = Debug|Any CPU
		{F74255BE-5A48-41AB-A175-8BBBFBE64265}.Debug|ARM.ActiveCfg = Debug|Any CPU
		{F74255BE-5A48-41AB-A175-8BBBFBE64265}.Debug|ARM.Build.0 = Debug|Any CPU
		{F74255BE-5A48-41AB-A175-8BBBFBE64265}.Debug|ARM64.ActiveCfg = Debug|Any CPU
		{F74255BE-5A48-41AB-A175-8BBBFBE64265}.Debug|ARM64.Build.0 = Debug|Any CPU
		{F74255BE-5A48-41AB-A175-8BBBFBE64265}.Debug|x64.ActiveCfg = Debug|Any CPU
		{F74255BE-5A48-41AB-A175-8BBBFBE64265}.Debug|x64.Build.0 = Debug|Any CPU
		{F74255BE-5A48-41AB-A175-8BBBFBE64265}.Debug|x86.ActiveCfg = Debug|Any CPU
		{F74255BE-5A48-41AB-A175-8BBBFBE64265}.Debug|x86.Build.0 = Debug|Any CPU
		{F74255BE-5A48-41AB-A175-8BBBFBE64265}.Release|Any CPU.ActiveCfg = Release|Any CPU
		{F74255BE-5A48-41AB-A175-8BBBFBE64265}.Release|Any CPU.Build.0 = Release|Any CPU
		{F74255BE-5A48-41AB-A175-8BBBFBE64265}.Release|ARM.ActiveCfg = Release|Any CPU
		{F74255BE-5A48-41AB-A175-8BBBFBE64265}.Release|ARM.Build.0 = Release|Any CPU
		{F74255BE-5A48-41AB-A175-8BBBFBE64265}.Release|ARM64.ActiveCfg = Release|Any CPU
		{F74255BE-5A48-41AB-A175-8BBBFBE64265}.Release|ARM64.Build.0 = Release|Any CPU
		{F74255BE-5A48-41AB-A175-8BBBFBE64265}.Release|x64.ActiveCfg = Release|Any CPU
		{F74255BE-5A48-41AB-A175-8BBBFBE64265}.Release|x64.Build.0 = Release|Any CPU
		{F74255BE-5A48-41AB-A175-8BBBFBE64265}.Release|x86.ActiveCfg = Release|Any CPU
		{F74255BE-5A48-41AB-A175-8BBBFBE64265}.Release|x86.Build.0 = Release|Any CPU
		{6768A09F-507D-4926-B1D5-959F39061476}.Debug|Any CPU.ActiveCfg = Debug|Any CPU
		{6768A09F-507D-4926-B1D5-959F39061476}.Debug|Any CPU.Build.0 = Debug|Any CPU
		{6768A09F-507D-4926-B1D5-959F39061476}.Debug|ARM.ActiveCfg = Debug|Any CPU
		{6768A09F-507D-4926-B1D5-959F39061476}.Debug|ARM.Build.0 = Debug|Any CPU
		{6768A09F-507D-4926-B1D5-959F39061476}.Debug|ARM64.ActiveCfg = Debug|Any CPU
		{6768A09F-507D-4926-B1D5-959F39061476}.Debug|ARM64.Build.0 = Debug|Any CPU
		{6768A09F-507D-4926-B1D5-959F39061476}.Debug|x64.ActiveCfg = Debug|Any CPU
		{6768A09F-507D-4926-B1D5-959F39061476}.Debug|x64.Build.0 = Debug|Any CPU
		{6768A09F-507D-4926-B1D5-959F39061476}.Debug|x86.ActiveCfg = Debug|Any CPU
		{6768A09F-507D-4926-B1D5-959F39061476}.Debug|x86.Build.0 = Debug|Any CPU
		{6768A09F-507D-4926-B1D5-959F39061476}.Release|Any CPU.ActiveCfg = Release|Any CPU
		{6768A09F-507D-4926-B1D5-959F39061476}.Release|Any CPU.Build.0 = Release|Any CPU
		{6768A09F-507D-4926-B1D5-959F39061476}.Release|ARM.ActiveCfg = Release|Any CPU
		{6768A09F-507D-4926-B1D5-959F39061476}.Release|ARM.Build.0 = Release|Any CPU
		{6768A09F-507D-4926-B1D5-959F39061476}.Release|ARM64.ActiveCfg = Release|Any CPU
		{6768A09F-507D-4926-B1D5-959F39061476}.Release|ARM64.Build.0 = Release|Any CPU
		{6768A09F-507D-4926-B1D5-959F39061476}.Release|x64.ActiveCfg = Release|Any CPU
		{6768A09F-507D-4926-B1D5-959F39061476}.Release|x64.Build.0 = Release|Any CPU
		{6768A09F-507D-4926-B1D5-959F39061476}.Release|x86.ActiveCfg = Release|Any CPU
		{6768A09F-507D-4926-B1D5-959F39061476}.Release|x86.Build.0 = Release|Any CPU
		{63C14275-0279-4CF1-BDD2-5AAB8378D6D0}.Debug|Any CPU.ActiveCfg = Debug|Any CPU
		{63C14275-0279-4CF1-BDD2-5AAB8378D6D0}.Debug|Any CPU.Build.0 = Debug|Any CPU
		{63C14275-0279-4CF1-BDD2-5AAB8378D6D0}.Debug|ARM.ActiveCfg = Debug|Any CPU
		{63C14275-0279-4CF1-BDD2-5AAB8378D6D0}.Debug|ARM.Build.0 = Debug|Any CPU
		{63C14275-0279-4CF1-BDD2-5AAB8378D6D0}.Debug|ARM64.ActiveCfg = Debug|Any CPU
		{63C14275-0279-4CF1-BDD2-5AAB8378D6D0}.Debug|ARM64.Build.0 = Debug|Any CPU
		{63C14275-0279-4CF1-BDD2-5AAB8378D6D0}.Debug|x64.ActiveCfg = Debug|Any CPU
		{63C14275-0279-4CF1-BDD2-5AAB8378D6D0}.Debug|x64.Build.0 = Debug|Any CPU
		{63C14275-0279-4CF1-BDD2-5AAB8378D6D0}.Debug|x86.ActiveCfg = Debug|Any CPU
		{63C14275-0279-4CF1-BDD2-5AAB8378D6D0}.Debug|x86.Build.0 = Debug|Any CPU
		{63C14275-0279-4CF1-BDD2-5AAB8378D6D0}.Release|Any CPU.ActiveCfg = Release|Any CPU
		{63C14275-0279-4CF1-BDD2-5AAB8378D6D0}.Release|Any CPU.Build.0 = Release|Any CPU
		{63C14275-0279-4CF1-BDD2-5AAB8378D6D0}.Release|ARM.ActiveCfg = Release|Any CPU
		{63C14275-0279-4CF1-BDD2-5AAB8378D6D0}.Release|ARM.Build.0 = Release|Any CPU
		{63C14275-0279-4CF1-BDD2-5AAB8378D6D0}.Release|ARM64.ActiveCfg = Release|Any CPU
		{63C14275-0279-4CF1-BDD2-5AAB8378D6D0}.Release|ARM64.Build.0 = Release|Any CPU
		{63C14275-0279-4CF1-BDD2-5AAB8378D6D0}.Release|x64.ActiveCfg = Release|Any CPU
		{63C14275-0279-4CF1-BDD2-5AAB8378D6D0}.Release|x64.Build.0 = Release|Any CPU
		{63C14275-0279-4CF1-BDD2-5AAB8378D6D0}.Release|x86.ActiveCfg = Release|Any CPU
		{63C14275-0279-4CF1-BDD2-5AAB8378D6D0}.Release|x86.Build.0 = Release|Any CPU
		{4F53D773-3BC4-44C5-B306-6FD37995208B}.Debug|Any CPU.ActiveCfg = Debug|Any CPU
		{4F53D773-3BC4-44C5-B306-6FD37995208B}.Debug|Any CPU.Build.0 = Debug|Any CPU
		{4F53D773-3BC4-44C5-B306-6FD37995208B}.Debug|ARM.ActiveCfg = Debug|Any CPU
		{4F53D773-3BC4-44C5-B306-6FD37995208B}.Debug|ARM.Build.0 = Debug|Any CPU
		{4F53D773-3BC4-44C5-B306-6FD37995208B}.Debug|ARM64.ActiveCfg = Debug|Any CPU
		{4F53D773-3BC4-44C5-B306-6FD37995208B}.Debug|ARM64.Build.0 = Debug|Any CPU
		{4F53D773-3BC4-44C5-B306-6FD37995208B}.Debug|x64.ActiveCfg = Debug|Any CPU
		{4F53D773-3BC4-44C5-B306-6FD37995208B}.Debug|x64.Build.0 = Debug|Any CPU
		{4F53D773-3BC4-44C5-B306-6FD37995208B}.Debug|x86.ActiveCfg = Debug|Any CPU
		{4F53D773-3BC4-44C5-B306-6FD37995208B}.Debug|x86.Build.0 = Debug|Any CPU
		{4F53D773-3BC4-44C5-B306-6FD37995208B}.Release|Any CPU.ActiveCfg = Release|Any CPU
		{4F53D773-3BC4-44C5-B306-6FD37995208B}.Release|Any CPU.Build.0 = Release|Any CPU
		{4F53D773-3BC4-44C5-B306-6FD37995208B}.Release|ARM.ActiveCfg = Release|Any CPU
		{4F53D773-3BC4-44C5-B306-6FD37995208B}.Release|ARM.Build.0 = Release|Any CPU
		{4F53D773-3BC4-44C5-B306-6FD37995208B}.Release|ARM64.ActiveCfg = Release|Any CPU
		{4F53D773-3BC4-44C5-B306-6FD37995208B}.Release|ARM64.Build.0 = Release|Any CPU
		{4F53D773-3BC4-44C5-B306-6FD37995208B}.Release|x64.ActiveCfg = Release|Any CPU
		{4F53D773-3BC4-44C5-B306-6FD37995208B}.Release|x64.Build.0 = Release|Any CPU
		{4F53D773-3BC4-44C5-B306-6FD37995208B}.Release|x86.ActiveCfg = Release|Any CPU
		{4F53D773-3BC4-44C5-B306-6FD37995208B}.Release|x86.Build.0 = Release|Any CPU
		{AEB9F266-AB1A-4F09-95C2-3246C71BB339}.Debug|Any CPU.ActiveCfg = Debug|Any CPU
		{AEB9F266-AB1A-4F09-95C2-3246C71BB339}.Debug|Any CPU.Build.0 = Debug|Any CPU
		{AEB9F266-AB1A-4F09-95C2-3246C71BB339}.Debug|ARM.ActiveCfg = Debug|Any CPU
		{AEB9F266-AB1A-4F09-95C2-3246C71BB339}.Debug|ARM.Build.0 = Debug|Any CPU
		{AEB9F266-AB1A-4F09-95C2-3246C71BB339}.Debug|ARM64.ActiveCfg = Debug|Any CPU
		{AEB9F266-AB1A-4F09-95C2-3246C71BB339}.Debug|ARM64.Build.0 = Debug|Any CPU
		{AEB9F266-AB1A-4F09-95C2-3246C71BB339}.Debug|x64.ActiveCfg = Debug|Any CPU
		{AEB9F266-AB1A-4F09-95C2-3246C71BB339}.Debug|x64.Build.0 = Debug|Any CPU
		{AEB9F266-AB1A-4F09-95C2-3246C71BB339}.Debug|x86.ActiveCfg = Debug|Any CPU
		{AEB9F266-AB1A-4F09-95C2-3246C71BB339}.Debug|x86.Build.0 = Debug|Any CPU
		{AEB9F266-AB1A-4F09-95C2-3246C71BB339}.Release|Any CPU.ActiveCfg = Release|Any CPU
		{AEB9F266-AB1A-4F09-95C2-3246C71BB339}.Release|Any CPU.Build.0 = Release|Any CPU
		{AEB9F266-AB1A-4F09-95C2-3246C71BB339}.Release|ARM.ActiveCfg = Release|Any CPU
		{AEB9F266-AB1A-4F09-95C2-3246C71BB339}.Release|ARM.Build.0 = Release|Any CPU
		{AEB9F266-AB1A-4F09-95C2-3246C71BB339}.Release|ARM64.ActiveCfg = Release|Any CPU
		{AEB9F266-AB1A-4F09-95C2-3246C71BB339}.Release|ARM64.Build.0 = Release|Any CPU
		{AEB9F266-AB1A-4F09-95C2-3246C71BB339}.Release|x64.ActiveCfg = Release|Any CPU
		{AEB9F266-AB1A-4F09-95C2-3246C71BB339}.Release|x64.Build.0 = Release|Any CPU
		{AEB9F266-AB1A-4F09-95C2-3246C71BB339}.Release|x86.ActiveCfg = Release|Any CPU
		{AEB9F266-AB1A-4F09-95C2-3246C71BB339}.Release|x86.Build.0 = Release|Any CPU
		{9BE57657-E9E2-4567-93E9-1C04E9561A1A}.Debug|Any CPU.ActiveCfg = Debug|Any CPU
		{9BE57657-E9E2-4567-93E9-1C04E9561A1A}.Debug|Any CPU.Build.0 = Debug|Any CPU
		{9BE57657-E9E2-4567-93E9-1C04E9561A1A}.Debug|ARM.ActiveCfg = Debug|Any CPU
		{9BE57657-E9E2-4567-93E9-1C04E9561A1A}.Debug|ARM.Build.0 = Debug|Any CPU
		{9BE57657-E9E2-4567-93E9-1C04E9561A1A}.Debug|ARM64.ActiveCfg = Debug|Any CPU
		{9BE57657-E9E2-4567-93E9-1C04E9561A1A}.Debug|ARM64.Build.0 = Debug|Any CPU
		{9BE57657-E9E2-4567-93E9-1C04E9561A1A}.Debug|x64.ActiveCfg = Debug|Any CPU
		{9BE57657-E9E2-4567-93E9-1C04E9561A1A}.Debug|x64.Build.0 = Debug|Any CPU
		{9BE57657-E9E2-4567-93E9-1C04E9561A1A}.Debug|x86.ActiveCfg = Debug|Any CPU
		{9BE57657-E9E2-4567-93E9-1C04E9561A1A}.Debug|x86.Build.0 = Debug|Any CPU
		{9BE57657-E9E2-4567-93E9-1C04E9561A1A}.Release|Any CPU.ActiveCfg = Release|Any CPU
		{9BE57657-E9E2-4567-93E9-1C04E9561A1A}.Release|Any CPU.Build.0 = Release|Any CPU
		{9BE57657-E9E2-4567-93E9-1C04E9561A1A}.Release|ARM.ActiveCfg = Release|Any CPU
		{9BE57657-E9E2-4567-93E9-1C04E9561A1A}.Release|ARM.Build.0 = Release|Any CPU
		{9BE57657-E9E2-4567-93E9-1C04E9561A1A}.Release|ARM64.ActiveCfg = Release|Any CPU
		{9BE57657-E9E2-4567-93E9-1C04E9561A1A}.Release|ARM64.Build.0 = Release|Any CPU
		{9BE57657-E9E2-4567-93E9-1C04E9561A1A}.Release|x64.ActiveCfg = Release|Any CPU
		{9BE57657-E9E2-4567-93E9-1C04E9561A1A}.Release|x64.Build.0 = Release|Any CPU
		{9BE57657-E9E2-4567-93E9-1C04E9561A1A}.Release|x86.ActiveCfg = Release|Any CPU
		{9BE57657-E9E2-4567-93E9-1C04E9561A1A}.Release|x86.Build.0 = Release|Any CPU
		{B51605EE-8F0B-4AFA-B8D0-1916DFB2235D}.Debug|Any CPU.ActiveCfg = Debug|Any CPU
		{B51605EE-8F0B-4AFA-B8D0-1916DFB2235D}.Debug|Any CPU.Build.0 = Debug|Any CPU
		{B51605EE-8F0B-4AFA-B8D0-1916DFB2235D}.Debug|ARM.ActiveCfg = Debug|Any CPU
		{B51605EE-8F0B-4AFA-B8D0-1916DFB2235D}.Debug|ARM.Build.0 = Debug|Any CPU
		{B51605EE-8F0B-4AFA-B8D0-1916DFB2235D}.Debug|ARM64.ActiveCfg = Debug|Any CPU
		{B51605EE-8F0B-4AFA-B8D0-1916DFB2235D}.Debug|ARM64.Build.0 = Debug|Any CPU
		{B51605EE-8F0B-4AFA-B8D0-1916DFB2235D}.Debug|x64.ActiveCfg = Debug|Any CPU
		{B51605EE-8F0B-4AFA-B8D0-1916DFB2235D}.Debug|x64.Build.0 = Debug|Any CPU
		{B51605EE-8F0B-4AFA-B8D0-1916DFB2235D}.Debug|x86.ActiveCfg = Debug|Any CPU
		{B51605EE-8F0B-4AFA-B8D0-1916DFB2235D}.Debug|x86.Build.0 = Debug|Any CPU
		{B51605EE-8F0B-4AFA-B8D0-1916DFB2235D}.Release|Any CPU.ActiveCfg = Release|Any CPU
		{B51605EE-8F0B-4AFA-B8D0-1916DFB2235D}.Release|Any CPU.Build.0 = Release|Any CPU
		{B51605EE-8F0B-4AFA-B8D0-1916DFB2235D}.Release|ARM.ActiveCfg = Release|Any CPU
		{B51605EE-8F0B-4AFA-B8D0-1916DFB2235D}.Release|ARM.Build.0 = Release|Any CPU
		{B51605EE-8F0B-4AFA-B8D0-1916DFB2235D}.Release|ARM64.ActiveCfg = Release|Any CPU
		{B51605EE-8F0B-4AFA-B8D0-1916DFB2235D}.Release|ARM64.Build.0 = Release|Any CPU
		{B51605EE-8F0B-4AFA-B8D0-1916DFB2235D}.Release|x64.ActiveCfg = Release|Any CPU
		{B51605EE-8F0B-4AFA-B8D0-1916DFB2235D}.Release|x64.Build.0 = Release|Any CPU
		{B51605EE-8F0B-4AFA-B8D0-1916DFB2235D}.Release|x86.ActiveCfg = Release|Any CPU
		{B51605EE-8F0B-4AFA-B8D0-1916DFB2235D}.Release|x86.Build.0 = Release|Any CPU
		{3929228A-D959-4073-9917-9B81A4CDC814}.Debug|Any CPU.ActiveCfg = Debug|Any CPU
		{3929228A-D959-4073-9917-9B81A4CDC814}.Debug|Any CPU.Build.0 = Debug|Any CPU
		{3929228A-D959-4073-9917-9B81A4CDC814}.Debug|ARM.ActiveCfg = Debug|Any CPU
		{3929228A-D959-4073-9917-9B81A4CDC814}.Debug|ARM.Build.0 = Debug|Any CPU
		{3929228A-D959-4073-9917-9B81A4CDC814}.Debug|ARM64.ActiveCfg = Debug|Any CPU
		{3929228A-D959-4073-9917-9B81A4CDC814}.Debug|ARM64.Build.0 = Debug|Any CPU
		{3929228A-D959-4073-9917-9B81A4CDC814}.Debug|x64.ActiveCfg = Debug|Any CPU
		{3929228A-D959-4073-9917-9B81A4CDC814}.Debug|x64.Build.0 = Debug|Any CPU
		{3929228A-D959-4073-9917-9B81A4CDC814}.Debug|x86.ActiveCfg = Debug|Any CPU
		{3929228A-D959-4073-9917-9B81A4CDC814}.Debug|x86.Build.0 = Debug|Any CPU
		{3929228A-D959-4073-9917-9B81A4CDC814}.Release|Any CPU.ActiveCfg = Release|Any CPU
		{3929228A-D959-4073-9917-9B81A4CDC814}.Release|Any CPU.Build.0 = Release|Any CPU
		{3929228A-D959-4073-9917-9B81A4CDC814}.Release|ARM.ActiveCfg = Release|Any CPU
		{3929228A-D959-4073-9917-9B81A4CDC814}.Release|ARM.Build.0 = Release|Any CPU
		{3929228A-D959-4073-9917-9B81A4CDC814}.Release|ARM64.ActiveCfg = Release|Any CPU
		{3929228A-D959-4073-9917-9B81A4CDC814}.Release|ARM64.Build.0 = Release|Any CPU
		{3929228A-D959-4073-9917-9B81A4CDC814}.Release|x64.ActiveCfg = Release|Any CPU
		{3929228A-D959-4073-9917-9B81A4CDC814}.Release|x64.Build.0 = Release|Any CPU
		{3929228A-D959-4073-9917-9B81A4CDC814}.Release|x86.ActiveCfg = Release|Any CPU
		{3929228A-D959-4073-9917-9B81A4CDC814}.Release|x86.Build.0 = Release|Any CPU
		{3EF002B3-F0E6-4DA5-9415-496168C4D62F}.Debug|Any CPU.ActiveCfg = Debug|Any CPU
		{3EF002B3-F0E6-4DA5-9415-496168C4D62F}.Debug|Any CPU.Build.0 = Debug|Any CPU
		{3EF002B3-F0E6-4DA5-9415-496168C4D62F}.Debug|ARM.ActiveCfg = Debug|Any CPU
		{3EF002B3-F0E6-4DA5-9415-496168C4D62F}.Debug|ARM.Build.0 = Debug|Any CPU
		{3EF002B3-F0E6-4DA5-9415-496168C4D62F}.Debug|ARM64.ActiveCfg = Debug|Any CPU
		{3EF002B3-F0E6-4DA5-9415-496168C4D62F}.Debug|ARM64.Build.0 = Debug|Any CPU
		{3EF002B3-F0E6-4DA5-9415-496168C4D62F}.Debug|x64.ActiveCfg = Debug|Any CPU
		{3EF002B3-F0E6-4DA5-9415-496168C4D62F}.Debug|x64.Build.0 = Debug|Any CPU
		{3EF002B3-F0E6-4DA5-9415-496168C4D62F}.Debug|x86.ActiveCfg = Debug|Any CPU
		{3EF002B3-F0E6-4DA5-9415-496168C4D62F}.Debug|x86.Build.0 = Debug|Any CPU
		{3EF002B3-F0E6-4DA5-9415-496168C4D62F}.Release|Any CPU.ActiveCfg = Release|Any CPU
		{3EF002B3-F0E6-4DA5-9415-496168C4D62F}.Release|Any CPU.Build.0 = Release|Any CPU
		{3EF002B3-F0E6-4DA5-9415-496168C4D62F}.Release|ARM.ActiveCfg = Release|Any CPU
		{3EF002B3-F0E6-4DA5-9415-496168C4D62F}.Release|ARM.Build.0 = Release|Any CPU
		{3EF002B3-F0E6-4DA5-9415-496168C4D62F}.Release|ARM64.ActiveCfg = Release|Any CPU
		{3EF002B3-F0E6-4DA5-9415-496168C4D62F}.Release|ARM64.Build.0 = Release|Any CPU
		{3EF002B3-F0E6-4DA5-9415-496168C4D62F}.Release|x64.ActiveCfg = Release|Any CPU
		{3EF002B3-F0E6-4DA5-9415-496168C4D62F}.Release|x64.Build.0 = Release|Any CPU
		{3EF002B3-F0E6-4DA5-9415-496168C4D62F}.Release|x86.ActiveCfg = Release|Any CPU
		{3EF002B3-F0E6-4DA5-9415-496168C4D62F}.Release|x86.Build.0 = Release|Any CPU
		{7739A0AD-E7D4-4D48-8F75-1CD9B244D6A3}.Debug|Any CPU.ActiveCfg = Debug|Any CPU
		{7739A0AD-E7D4-4D48-8F75-1CD9B244D6A3}.Debug|Any CPU.Build.0 = Debug|Any CPU
		{7739A0AD-E7D4-4D48-8F75-1CD9B244D6A3}.Debug|ARM.ActiveCfg = Debug|Any CPU
		{7739A0AD-E7D4-4D48-8F75-1CD9B244D6A3}.Debug|ARM.Build.0 = Debug|Any CPU
		{7739A0AD-E7D4-4D48-8F75-1CD9B244D6A3}.Debug|ARM64.ActiveCfg = Debug|Any CPU
		{7739A0AD-E7D4-4D48-8F75-1CD9B244D6A3}.Debug|ARM64.Build.0 = Debug|Any CPU
		{7739A0AD-E7D4-4D48-8F75-1CD9B244D6A3}.Debug|x64.ActiveCfg = Debug|Any CPU
		{7739A0AD-E7D4-4D48-8F75-1CD9B244D6A3}.Debug|x64.Build.0 = Debug|Any CPU
		{7739A0AD-E7D4-4D48-8F75-1CD9B244D6A3}.Debug|x86.ActiveCfg = Debug|Any CPU
		{7739A0AD-E7D4-4D48-8F75-1CD9B244D6A3}.Debug|x86.Build.0 = Debug|Any CPU
		{7739A0AD-E7D4-4D48-8F75-1CD9B244D6A3}.Release|Any CPU.ActiveCfg = Release|Any CPU
		{7739A0AD-E7D4-4D48-8F75-1CD9B244D6A3}.Release|Any CPU.Build.0 = Release|Any CPU
		{7739A0AD-E7D4-4D48-8F75-1CD9B244D6A3}.Release|ARM.ActiveCfg = Release|Any CPU
		{7739A0AD-E7D4-4D48-8F75-1CD9B244D6A3}.Release|ARM.Build.0 = Release|Any CPU
		{7739A0AD-E7D4-4D48-8F75-1CD9B244D6A3}.Release|ARM64.ActiveCfg = Release|Any CPU
		{7739A0AD-E7D4-4D48-8F75-1CD9B244D6A3}.Release|ARM64.Build.0 = Release|Any CPU
		{7739A0AD-E7D4-4D48-8F75-1CD9B244D6A3}.Release|x64.ActiveCfg = Release|Any CPU
		{7739A0AD-E7D4-4D48-8F75-1CD9B244D6A3}.Release|x64.Build.0 = Release|Any CPU
		{7739A0AD-E7D4-4D48-8F75-1CD9B244D6A3}.Release|x86.ActiveCfg = Release|Any CPU
		{7739A0AD-E7D4-4D48-8F75-1CD9B244D6A3}.Release|x86.Build.0 = Release|Any CPU
		{2FBA1940-2EC9-42F8-8504-7DE15BC27DD9}.Debug|Any CPU.ActiveCfg = Debug|Any CPU
		{2FBA1940-2EC9-42F8-8504-7DE15BC27DD9}.Debug|Any CPU.Build.0 = Debug|Any CPU
		{2FBA1940-2EC9-42F8-8504-7DE15BC27DD9}.Debug|ARM.ActiveCfg = Debug|Any CPU
		{2FBA1940-2EC9-42F8-8504-7DE15BC27DD9}.Debug|ARM.Build.0 = Debug|Any CPU
		{2FBA1940-2EC9-42F8-8504-7DE15BC27DD9}.Debug|ARM64.ActiveCfg = Debug|Any CPU
		{2FBA1940-2EC9-42F8-8504-7DE15BC27DD9}.Debug|ARM64.Build.0 = Debug|Any CPU
		{2FBA1940-2EC9-42F8-8504-7DE15BC27DD9}.Debug|x64.ActiveCfg = Debug|Any CPU
		{2FBA1940-2EC9-42F8-8504-7DE15BC27DD9}.Debug|x64.Build.0 = Debug|Any CPU
		{2FBA1940-2EC9-42F8-8504-7DE15BC27DD9}.Debug|x86.ActiveCfg = Debug|Any CPU
		{2FBA1940-2EC9-42F8-8504-7DE15BC27DD9}.Debug|x86.Build.0 = Debug|Any CPU
		{2FBA1940-2EC9-42F8-8504-7DE15BC27DD9}.Release|Any CPU.ActiveCfg = Release|Any CPU
		{2FBA1940-2EC9-42F8-8504-7DE15BC27DD9}.Release|Any CPU.Build.0 = Release|Any CPU
		{2FBA1940-2EC9-42F8-8504-7DE15BC27DD9}.Release|ARM.ActiveCfg = Release|Any CPU
		{2FBA1940-2EC9-42F8-8504-7DE15BC27DD9}.Release|ARM.Build.0 = Release|Any CPU
		{2FBA1940-2EC9-42F8-8504-7DE15BC27DD9}.Release|ARM64.ActiveCfg = Release|Any CPU
		{2FBA1940-2EC9-42F8-8504-7DE15BC27DD9}.Release|ARM64.Build.0 = Release|Any CPU
		{2FBA1940-2EC9-42F8-8504-7DE15BC27DD9}.Release|x64.ActiveCfg = Release|Any CPU
		{2FBA1940-2EC9-42F8-8504-7DE15BC27DD9}.Release|x64.Build.0 = Release|Any CPU
		{2FBA1940-2EC9-42F8-8504-7DE15BC27DD9}.Release|x86.ActiveCfg = Release|Any CPU
		{2FBA1940-2EC9-42F8-8504-7DE15BC27DD9}.Release|x86.Build.0 = Release|Any CPU
		{2F8F314C-1BF2-44F9-A16D-A05BA9805277}.Debug|Any CPU.ActiveCfg = Debug|Any CPU
		{2F8F314C-1BF2-44F9-A16D-A05BA9805277}.Debug|Any CPU.Build.0 = Debug|Any CPU
		{2F8F314C-1BF2-44F9-A16D-A05BA9805277}.Debug|ARM.ActiveCfg = Debug|Any CPU
		{2F8F314C-1BF2-44F9-A16D-A05BA9805277}.Debug|ARM.Build.0 = Debug|Any CPU
		{2F8F314C-1BF2-44F9-A16D-A05BA9805277}.Debug|ARM64.ActiveCfg = Debug|Any CPU
		{2F8F314C-1BF2-44F9-A16D-A05BA9805277}.Debug|ARM64.Build.0 = Debug|Any CPU
		{2F8F314C-1BF2-44F9-A16D-A05BA9805277}.Debug|x64.ActiveCfg = Debug|Any CPU
		{2F8F314C-1BF2-44F9-A16D-A05BA9805277}.Debug|x64.Build.0 = Debug|Any CPU
		{2F8F314C-1BF2-44F9-A16D-A05BA9805277}.Debug|x86.ActiveCfg = Debug|Any CPU
		{2F8F314C-1BF2-44F9-A16D-A05BA9805277}.Debug|x86.Build.0 = Debug|Any CPU
		{2F8F314C-1BF2-44F9-A16D-A05BA9805277}.Release|Any CPU.ActiveCfg = Release|Any CPU
		{2F8F314C-1BF2-44F9-A16D-A05BA9805277}.Release|Any CPU.Build.0 = Release|Any CPU
		{2F8F314C-1BF2-44F9-A16D-A05BA9805277}.Release|ARM.ActiveCfg = Release|Any CPU
		{2F8F314C-1BF2-44F9-A16D-A05BA9805277}.Release|ARM.Build.0 = Release|Any CPU
		{2F8F314C-1BF2-44F9-A16D-A05BA9805277}.Release|ARM64.ActiveCfg = Release|Any CPU
		{2F8F314C-1BF2-44F9-A16D-A05BA9805277}.Release|ARM64.Build.0 = Release|Any CPU
		{2F8F314C-1BF2-44F9-A16D-A05BA9805277}.Release|x64.ActiveCfg = Release|Any CPU
		{2F8F314C-1BF2-44F9-A16D-A05BA9805277}.Release|x64.Build.0 = Release|Any CPU
		{2F8F314C-1BF2-44F9-A16D-A05BA9805277}.Release|x86.ActiveCfg = Release|Any CPU
		{2F8F314C-1BF2-44F9-A16D-A05BA9805277}.Release|x86.Build.0 = Release|Any CPU
		{751921F0-0AB9-46F5-9138-7FACF7CFFE95}.Debug|Any CPU.ActiveCfg = Debug|Any CPU
		{751921F0-0AB9-46F5-9138-7FACF7CFFE95}.Debug|Any CPU.Build.0 = Debug|Any CPU
		{751921F0-0AB9-46F5-9138-7FACF7CFFE95}.Debug|ARM.ActiveCfg = Debug|Any CPU
		{751921F0-0AB9-46F5-9138-7FACF7CFFE95}.Debug|ARM.Build.0 = Debug|Any CPU
		{751921F0-0AB9-46F5-9138-7FACF7CFFE95}.Debug|ARM64.ActiveCfg = Debug|Any CPU
		{751921F0-0AB9-46F5-9138-7FACF7CFFE95}.Debug|ARM64.Build.0 = Debug|Any CPU
		{751921F0-0AB9-46F5-9138-7FACF7CFFE95}.Debug|x64.ActiveCfg = Debug|Any CPU
		{751921F0-0AB9-46F5-9138-7FACF7CFFE95}.Debug|x64.Build.0 = Debug|Any CPU
		{751921F0-0AB9-46F5-9138-7FACF7CFFE95}.Debug|x86.ActiveCfg = Debug|Any CPU
		{751921F0-0AB9-46F5-9138-7FACF7CFFE95}.Debug|x86.Build.0 = Debug|Any CPU
		{751921F0-0AB9-46F5-9138-7FACF7CFFE95}.Release|Any CPU.ActiveCfg = Release|Any CPU
		{751921F0-0AB9-46F5-9138-7FACF7CFFE95}.Release|Any CPU.Build.0 = Release|Any CPU
		{751921F0-0AB9-46F5-9138-7FACF7CFFE95}.Release|ARM.ActiveCfg = Release|Any CPU
		{751921F0-0AB9-46F5-9138-7FACF7CFFE95}.Release|ARM.Build.0 = Release|Any CPU
		{751921F0-0AB9-46F5-9138-7FACF7CFFE95}.Release|ARM64.ActiveCfg = Release|Any CPU
		{751921F0-0AB9-46F5-9138-7FACF7CFFE95}.Release|ARM64.Build.0 = Release|Any CPU
		{751921F0-0AB9-46F5-9138-7FACF7CFFE95}.Release|x64.ActiveCfg = Release|Any CPU
		{751921F0-0AB9-46F5-9138-7FACF7CFFE95}.Release|x64.Build.0 = Release|Any CPU
		{751921F0-0AB9-46F5-9138-7FACF7CFFE95}.Release|x86.ActiveCfg = Release|Any CPU
		{751921F0-0AB9-46F5-9138-7FACF7CFFE95}.Release|x86.Build.0 = Release|Any CPU
		{BAB5C5A2-0996-49DB-84EE-C56D20FF49CE}.Debug|Any CPU.ActiveCfg = Debug|Any CPU
		{BAB5C5A2-0996-49DB-84EE-C56D20FF49CE}.Debug|Any CPU.Build.0 = Debug|Any CPU
		{BAB5C5A2-0996-49DB-84EE-C56D20FF49CE}.Debug|ARM.ActiveCfg = Debug|Any CPU
		{BAB5C5A2-0996-49DB-84EE-C56D20FF49CE}.Debug|ARM.Build.0 = Debug|Any CPU
		{BAB5C5A2-0996-49DB-84EE-C56D20FF49CE}.Debug|ARM64.ActiveCfg = Debug|Any CPU
		{BAB5C5A2-0996-49DB-84EE-C56D20FF49CE}.Debug|ARM64.Build.0 = Debug|Any CPU
		{BAB5C5A2-0996-49DB-84EE-C56D20FF49CE}.Debug|x64.ActiveCfg = Debug|Any CPU
		{BAB5C5A2-0996-49DB-84EE-C56D20FF49CE}.Debug|x64.Build.0 = Debug|Any CPU
		{BAB5C5A2-0996-49DB-84EE-C56D20FF49CE}.Debug|x86.ActiveCfg = Debug|Any CPU
		{BAB5C5A2-0996-49DB-84EE-C56D20FF49CE}.Debug|x86.Build.0 = Debug|Any CPU
		{BAB5C5A2-0996-49DB-84EE-C56D20FF49CE}.Release|Any CPU.ActiveCfg = Release|Any CPU
		{BAB5C5A2-0996-49DB-84EE-C56D20FF49CE}.Release|Any CPU.Build.0 = Release|Any CPU
		{BAB5C5A2-0996-49DB-84EE-C56D20FF49CE}.Release|ARM.ActiveCfg = Release|Any CPU
		{BAB5C5A2-0996-49DB-84EE-C56D20FF49CE}.Release|ARM.Build.0 = Release|Any CPU
		{BAB5C5A2-0996-49DB-84EE-C56D20FF49CE}.Release|ARM64.ActiveCfg = Release|Any CPU
		{BAB5C5A2-0996-49DB-84EE-C56D20FF49CE}.Release|ARM64.Build.0 = Release|Any CPU
		{BAB5C5A2-0996-49DB-84EE-C56D20FF49CE}.Release|x64.ActiveCfg = Release|Any CPU
		{BAB5C5A2-0996-49DB-84EE-C56D20FF49CE}.Release|x64.Build.0 = Release|Any CPU
		{BAB5C5A2-0996-49DB-84EE-C56D20FF49CE}.Release|x86.ActiveCfg = Release|Any CPU
		{BAB5C5A2-0996-49DB-84EE-C56D20FF49CE}.Release|x86.Build.0 = Release|Any CPU
		{DA9B0C4F-545C-439D-98BD-7322FDDC438B}.Debug|Any CPU.ActiveCfg = Debug|Any CPU
		{DA9B0C4F-545C-439D-98BD-7322FDDC438B}.Debug|Any CPU.Build.0 = Debug|Any CPU
		{DA9B0C4F-545C-439D-98BD-7322FDDC438B}.Debug|ARM.ActiveCfg = Debug|Any CPU
		{DA9B0C4F-545C-439D-98BD-7322FDDC438B}.Debug|ARM.Build.0 = Debug|Any CPU
		{DA9B0C4F-545C-439D-98BD-7322FDDC438B}.Debug|ARM64.ActiveCfg = Debug|Any CPU
		{DA9B0C4F-545C-439D-98BD-7322FDDC438B}.Debug|ARM64.Build.0 = Debug|Any CPU
		{DA9B0C4F-545C-439D-98BD-7322FDDC438B}.Debug|x64.ActiveCfg = Debug|Any CPU
		{DA9B0C4F-545C-439D-98BD-7322FDDC438B}.Debug|x64.Build.0 = Debug|Any CPU
		{DA9B0C4F-545C-439D-98BD-7322FDDC438B}.Debug|x86.ActiveCfg = Debug|Any CPU
		{DA9B0C4F-545C-439D-98BD-7322FDDC438B}.Debug|x86.Build.0 = Debug|Any CPU
		{DA9B0C4F-545C-439D-98BD-7322FDDC438B}.Release|Any CPU.ActiveCfg = Release|Any CPU
		{DA9B0C4F-545C-439D-98BD-7322FDDC438B}.Release|Any CPU.Build.0 = Release|Any CPU
		{DA9B0C4F-545C-439D-98BD-7322FDDC438B}.Release|ARM.ActiveCfg = Release|Any CPU
		{DA9B0C4F-545C-439D-98BD-7322FDDC438B}.Release|ARM.Build.0 = Release|Any CPU
		{DA9B0C4F-545C-439D-98BD-7322FDDC438B}.Release|ARM64.ActiveCfg = Release|Any CPU
		{DA9B0C4F-545C-439D-98BD-7322FDDC438B}.Release|ARM64.Build.0 = Release|Any CPU
		{DA9B0C4F-545C-439D-98BD-7322FDDC438B}.Release|x64.ActiveCfg = Release|Any CPU
		{DA9B0C4F-545C-439D-98BD-7322FDDC438B}.Release|x64.Build.0 = Release|Any CPU
		{DA9B0C4F-545C-439D-98BD-7322FDDC438B}.Release|x86.ActiveCfg = Release|Any CPU
		{DA9B0C4F-545C-439D-98BD-7322FDDC438B}.Release|x86.Build.0 = Release|Any CPU
		{963471D2-838A-42DE-8A4B-786E03F3603D}.Debug|Any CPU.ActiveCfg = Debug|Any CPU
		{963471D2-838A-42DE-8A4B-786E03F3603D}.Debug|Any CPU.Build.0 = Debug|Any CPU
		{963471D2-838A-42DE-8A4B-786E03F3603D}.Debug|ARM.ActiveCfg = Debug|Any CPU
		{963471D2-838A-42DE-8A4B-786E03F3603D}.Debug|ARM.Build.0 = Debug|Any CPU
		{963471D2-838A-42DE-8A4B-786E03F3603D}.Debug|ARM64.ActiveCfg = Debug|Any CPU
		{963471D2-838A-42DE-8A4B-786E03F3603D}.Debug|ARM64.Build.0 = Debug|Any CPU
		{963471D2-838A-42DE-8A4B-786E03F3603D}.Debug|x64.ActiveCfg = Debug|Any CPU
		{963471D2-838A-42DE-8A4B-786E03F3603D}.Debug|x64.Build.0 = Debug|Any CPU
		{963471D2-838A-42DE-8A4B-786E03F3603D}.Debug|x86.ActiveCfg = Debug|Any CPU
		{963471D2-838A-42DE-8A4B-786E03F3603D}.Debug|x86.Build.0 = Debug|Any CPU
		{963471D2-838A-42DE-8A4B-786E03F3603D}.Release|Any CPU.ActiveCfg = Release|Any CPU
		{963471D2-838A-42DE-8A4B-786E03F3603D}.Release|Any CPU.Build.0 = Release|Any CPU
		{963471D2-838A-42DE-8A4B-786E03F3603D}.Release|ARM.ActiveCfg = Release|Any CPU
		{963471D2-838A-42DE-8A4B-786E03F3603D}.Release|ARM.Build.0 = Release|Any CPU
		{963471D2-838A-42DE-8A4B-786E03F3603D}.Release|ARM64.ActiveCfg = Release|Any CPU
		{963471D2-838A-42DE-8A4B-786E03F3603D}.Release|ARM64.Build.0 = Release|Any CPU
		{963471D2-838A-42DE-8A4B-786E03F3603D}.Release|x64.ActiveCfg = Release|Any CPU
		{963471D2-838A-42DE-8A4B-786E03F3603D}.Release|x64.Build.0 = Release|Any CPU
		{963471D2-838A-42DE-8A4B-786E03F3603D}.Release|x86.ActiveCfg = Release|Any CPU
		{963471D2-838A-42DE-8A4B-786E03F3603D}.Release|x86.Build.0 = Release|Any CPU
		{15AA8CD0-16F1-46C1-9535-3654F22E23AA}.Debug|Any CPU.ActiveCfg = Debug|Any CPU
		{15AA8CD0-16F1-46C1-9535-3654F22E23AA}.Debug|Any CPU.Build.0 = Debug|Any CPU
		{15AA8CD0-16F1-46C1-9535-3654F22E23AA}.Debug|ARM.ActiveCfg = Debug|Any CPU
		{15AA8CD0-16F1-46C1-9535-3654F22E23AA}.Debug|ARM.Build.0 = Debug|Any CPU
		{15AA8CD0-16F1-46C1-9535-3654F22E23AA}.Debug|ARM64.ActiveCfg = Debug|Any CPU
		{15AA8CD0-16F1-46C1-9535-3654F22E23AA}.Debug|ARM64.Build.0 = Debug|Any CPU
		{15AA8CD0-16F1-46C1-9535-3654F22E23AA}.Debug|x64.ActiveCfg = Debug|Any CPU
		{15AA8CD0-16F1-46C1-9535-3654F22E23AA}.Debug|x64.Build.0 = Debug|Any CPU
		{15AA8CD0-16F1-46C1-9535-3654F22E23AA}.Debug|x86.ActiveCfg = Debug|Any CPU
		{15AA8CD0-16F1-46C1-9535-3654F22E23AA}.Debug|x86.Build.0 = Debug|Any CPU
		{15AA8CD0-16F1-46C1-9535-3654F22E23AA}.Release|Any CPU.ActiveCfg = Release|Any CPU
		{15AA8CD0-16F1-46C1-9535-3654F22E23AA}.Release|Any CPU.Build.0 = Release|Any CPU
		{15AA8CD0-16F1-46C1-9535-3654F22E23AA}.Release|ARM.ActiveCfg = Release|Any CPU
		{15AA8CD0-16F1-46C1-9535-3654F22E23AA}.Release|ARM.Build.0 = Release|Any CPU
		{15AA8CD0-16F1-46C1-9535-3654F22E23AA}.Release|ARM64.ActiveCfg = Release|Any CPU
		{15AA8CD0-16F1-46C1-9535-3654F22E23AA}.Release|ARM64.Build.0 = Release|Any CPU
		{15AA8CD0-16F1-46C1-9535-3654F22E23AA}.Release|x64.ActiveCfg = Release|Any CPU
		{15AA8CD0-16F1-46C1-9535-3654F22E23AA}.Release|x64.Build.0 = Release|Any CPU
		{15AA8CD0-16F1-46C1-9535-3654F22E23AA}.Release|x86.ActiveCfg = Release|Any CPU
		{15AA8CD0-16F1-46C1-9535-3654F22E23AA}.Release|x86.Build.0 = Release|Any CPU
		{0E9D6C51-7B55-4379-8D63-76F914B29ABD}.Debug|Any CPU.ActiveCfg = Debug|Any CPU
		{0E9D6C51-7B55-4379-8D63-76F914B29ABD}.Debug|Any CPU.Build.0 = Debug|Any CPU
		{0E9D6C51-7B55-4379-8D63-76F914B29ABD}.Debug|ARM.ActiveCfg = Debug|Any CPU
		{0E9D6C51-7B55-4379-8D63-76F914B29ABD}.Debug|ARM.Build.0 = Debug|Any CPU
		{0E9D6C51-7B55-4379-8D63-76F914B29ABD}.Debug|ARM64.ActiveCfg = Debug|Any CPU
		{0E9D6C51-7B55-4379-8D63-76F914B29ABD}.Debug|ARM64.Build.0 = Debug|Any CPU
		{0E9D6C51-7B55-4379-8D63-76F914B29ABD}.Debug|x64.ActiveCfg = Debug|Any CPU
		{0E9D6C51-7B55-4379-8D63-76F914B29ABD}.Debug|x64.Build.0 = Debug|Any CPU
		{0E9D6C51-7B55-4379-8D63-76F914B29ABD}.Debug|x86.ActiveCfg = Debug|Any CPU
		{0E9D6C51-7B55-4379-8D63-76F914B29ABD}.Debug|x86.Build.0 = Debug|Any CPU
		{0E9D6C51-7B55-4379-8D63-76F914B29ABD}.Release|Any CPU.ActiveCfg = Release|Any CPU
		{0E9D6C51-7B55-4379-8D63-76F914B29ABD}.Release|Any CPU.Build.0 = Release|Any CPU
		{0E9D6C51-7B55-4379-8D63-76F914B29ABD}.Release|ARM.ActiveCfg = Release|Any CPU
		{0E9D6C51-7B55-4379-8D63-76F914B29ABD}.Release|ARM.Build.0 = Release|Any CPU
		{0E9D6C51-7B55-4379-8D63-76F914B29ABD}.Release|ARM64.ActiveCfg = Release|Any CPU
		{0E9D6C51-7B55-4379-8D63-76F914B29ABD}.Release|ARM64.Build.0 = Release|Any CPU
		{0E9D6C51-7B55-4379-8D63-76F914B29ABD}.Release|x64.ActiveCfg = Release|Any CPU
		{0E9D6C51-7B55-4379-8D63-76F914B29ABD}.Release|x64.Build.0 = Release|Any CPU
		{0E9D6C51-7B55-4379-8D63-76F914B29ABD}.Release|x86.ActiveCfg = Release|Any CPU
		{0E9D6C51-7B55-4379-8D63-76F914B29ABD}.Release|x86.Build.0 = Release|Any CPU
		{1B9DD160-BEE9-4AE4-B73A-55D2DEA49B12}.Debug|Any CPU.ActiveCfg = Debug|Any CPU
		{1B9DD160-BEE9-4AE4-B73A-55D2DEA49B12}.Debug|Any CPU.Build.0 = Debug|Any CPU
		{1B9DD160-BEE9-4AE4-B73A-55D2DEA49B12}.Debug|ARM.ActiveCfg = Debug|Any CPU
		{1B9DD160-BEE9-4AE4-B73A-55D2DEA49B12}.Debug|ARM.Build.0 = Debug|Any CPU
		{1B9DD160-BEE9-4AE4-B73A-55D2DEA49B12}.Debug|ARM64.ActiveCfg = Debug|Any CPU
		{1B9DD160-BEE9-4AE4-B73A-55D2DEA49B12}.Debug|ARM64.Build.0 = Debug|Any CPU
		{1B9DD160-BEE9-4AE4-B73A-55D2DEA49B12}.Debug|x64.ActiveCfg = Debug|Any CPU
		{1B9DD160-BEE9-4AE4-B73A-55D2DEA49B12}.Debug|x64.Build.0 = Debug|Any CPU
		{1B9DD160-BEE9-4AE4-B73A-55D2DEA49B12}.Debug|x86.ActiveCfg = Debug|Any CPU
		{1B9DD160-BEE9-4AE4-B73A-55D2DEA49B12}.Debug|x86.Build.0 = Debug|Any CPU
		{1B9DD160-BEE9-4AE4-B73A-55D2DEA49B12}.Release|Any CPU.ActiveCfg = Release|Any CPU
		{1B9DD160-BEE9-4AE4-B73A-55D2DEA49B12}.Release|Any CPU.Build.0 = Release|Any CPU
		{1B9DD160-BEE9-4AE4-B73A-55D2DEA49B12}.Release|ARM.ActiveCfg = Release|Any CPU
		{1B9DD160-BEE9-4AE4-B73A-55D2DEA49B12}.Release|ARM.Build.0 = Release|Any CPU
		{1B9DD160-BEE9-4AE4-B73A-55D2DEA49B12}.Release|ARM64.ActiveCfg = Release|Any CPU
		{1B9DD160-BEE9-4AE4-B73A-55D2DEA49B12}.Release|ARM64.Build.0 = Release|Any CPU
		{1B9DD160-BEE9-4AE4-B73A-55D2DEA49B12}.Release|x64.ActiveCfg = Release|Any CPU
		{1B9DD160-BEE9-4AE4-B73A-55D2DEA49B12}.Release|x64.Build.0 = Release|Any CPU
		{1B9DD160-BEE9-4AE4-B73A-55D2DEA49B12}.Release|x86.ActiveCfg = Release|Any CPU
		{1B9DD160-BEE9-4AE4-B73A-55D2DEA49B12}.Release|x86.Build.0 = Release|Any CPU
		{4B9228F6-410D-48A9-9E3E-EB6B64A6C9FC}.Debug|Any CPU.ActiveCfg = Debug|Any CPU
		{4B9228F6-410D-48A9-9E3E-EB6B64A6C9FC}.Debug|Any CPU.Build.0 = Debug|Any CPU
		{4B9228F6-410D-48A9-9E3E-EB6B64A6C9FC}.Debug|ARM.ActiveCfg = Debug|Any CPU
		{4B9228F6-410D-48A9-9E3E-EB6B64A6C9FC}.Debug|ARM.Build.0 = Debug|Any CPU
		{4B9228F6-410D-48A9-9E3E-EB6B64A6C9FC}.Debug|ARM64.ActiveCfg = Debug|Any CPU
		{4B9228F6-410D-48A9-9E3E-EB6B64A6C9FC}.Debug|ARM64.Build.0 = Debug|Any CPU
		{4B9228F6-410D-48A9-9E3E-EB6B64A6C9FC}.Debug|x64.ActiveCfg = Debug|Any CPU
		{4B9228F6-410D-48A9-9E3E-EB6B64A6C9FC}.Debug|x64.Build.0 = Debug|Any CPU
		{4B9228F6-410D-48A9-9E3E-EB6B64A6C9FC}.Debug|x86.ActiveCfg = Debug|Any CPU
		{4B9228F6-410D-48A9-9E3E-EB6B64A6C9FC}.Debug|x86.Build.0 = Debug|Any CPU
		{4B9228F6-410D-48A9-9E3E-EB6B64A6C9FC}.Release|Any CPU.ActiveCfg = Release|Any CPU
		{4B9228F6-410D-48A9-9E3E-EB6B64A6C9FC}.Release|Any CPU.Build.0 = Release|Any CPU
		{4B9228F6-410D-48A9-9E3E-EB6B64A6C9FC}.Release|ARM.ActiveCfg = Release|Any CPU
		{4B9228F6-410D-48A9-9E3E-EB6B64A6C9FC}.Release|ARM.Build.0 = Release|Any CPU
		{4B9228F6-410D-48A9-9E3E-EB6B64A6C9FC}.Release|ARM64.ActiveCfg = Release|Any CPU
		{4B9228F6-410D-48A9-9E3E-EB6B64A6C9FC}.Release|ARM64.Build.0 = Release|Any CPU
		{4B9228F6-410D-48A9-9E3E-EB6B64A6C9FC}.Release|x64.ActiveCfg = Release|Any CPU
		{4B9228F6-410D-48A9-9E3E-EB6B64A6C9FC}.Release|x64.Build.0 = Release|Any CPU
		{4B9228F6-410D-48A9-9E3E-EB6B64A6C9FC}.Release|x86.ActiveCfg = Release|Any CPU
		{4B9228F6-410D-48A9-9E3E-EB6B64A6C9FC}.Release|x86.Build.0 = Release|Any CPU
	EndGlobalSection
	GlobalSection(SolutionProperties) = preSolution
		HideSolutionNode = FALSE
	EndGlobalSection
	GlobalSection(NestedProjects) = preSolution
		{6768A09F-507D-4926-B1D5-959F39061476} = {7F4ED901-668D-48FB-A172-4C263A3ABC02}
		{2F8F314C-1BF2-44F9-A16D-A05BA9805277} = {7F4ED901-668D-48FB-A172-4C263A3ABC02}
		{751921F0-0AB9-46F5-9138-7FACF7CFFE95} = {7F4ED901-668D-48FB-A172-4C263A3ABC02}
		{BAB5C5A2-0996-49DB-84EE-C56D20FF49CE} = {7F4ED901-668D-48FB-A172-4C263A3ABC02}
		{DA9B0C4F-545C-439D-98BD-7322FDDC438B} = {7F4ED901-668D-48FB-A172-4C263A3ABC02}
		{963471D2-838A-42DE-8A4B-786E03F3603D} = {7F4ED901-668D-48FB-A172-4C263A3ABC02}
	EndGlobalSection
	GlobalSection(ExtensibilityGlobals) = postSolution
		SolutionGuid = {1F3B75F9-BA14-4B1C-9571-174E50EB5C7D}
	EndGlobalSection
EndGlobal
