
Microsoft Visual Studio Solution File, Format Version 12.00
# Visual Studio 15
VisualStudioVersion = 15.0.27130.2027
MinimumVisualStudioVersion = 10.0.40219.1
Project("{FAE04EC0-301F-11D3-BF4B-00C04F79EFBC}") = "DevelopmentInProgress.Wpf.Host", "src\DevelopmentInProgress.Wpf.Host\DevelopmentInProgress.Wpf.Host.csproj", "{7BCE5D35-0443-4031-843A-3563356290E1}"
EndProject
Project("{FAE04EC0-301F-11D3-BF4B-00C04F79EFBC}") = "DevelopmentInProgress.Wpf.Controls", "src\DevelopmentInProgress.Wpf.Controls\DevelopmentInProgress.Wpf.Controls.csproj", "{5ACDC574-0F6F-48BC-AD2A-2F29BD7009FE}"
EndProject
Project("{FAE04EC0-301F-11D3-BF4B-00C04F79EFBC}") = "DevelopmentInProgress.Wpf.MarketView", "src\DevelopmentInProgress.Wpf.MarketView\DevelopmentInProgress.Wpf.MarketView.csproj", "{2183C26D-6932-41D9-BB1E-16FA55ADF983}"
EndProject
Project("{9A19103F-16F7-4668-BE54-9A1E7A4F7556}") = "DevelopmentInProgress.MarketView.Interface", "src\DevelopmentInProgress.MarketView.Interface\DevelopmentInProgress.MarketView.Interface.csproj", "{86695062-90CC-419D-B455-D6D8C364A215}"
EndProject
Project("{FAE04EC0-301F-11D3-BF4B-00C04F79EFBC}") = "DevelopmentInProgress.MarketView.Interface.Test", "test\DevelopmentInProgress.MarketView.Interface.Test\DevelopmentInProgress.MarketView.Interface.Test.csproj", "{CF7E490F-2CED-4287-A704-766DE5C90B1B}"
EndProject
Project("{FAE04EC0-301F-11D3-BF4B-00C04F79EFBC}") = "DevelopmentInProgress.Wpf.MarketView.Test", "test\DevelopmentInProgress.Wpf.MarketView.Test\DevelopmentInProgress.Wpf.MarketView.Test.csproj", "{BED25B87-79B9-4AFD-A785-8DB7CAFFF8BF}"
EndProject
Project("{FAE04EC0-301F-11D3-BF4B-00C04F79EFBC}") = "DevelopmentInProgress.MarketView.Test.Helper", "test\DevelopmentInProgress.MarketView.Test.Helper\DevelopmentInProgress.MarketView.Test.Helper.csproj", "{57648E9E-B953-40C7-85FC-503270B99640}"
EndProject
Project("{2150E333-8FDC-42A3-9474-1A3956D46DE8}") = "Tests", "Tests", "{7F4ED901-668D-48FB-A172-4C263A3ABC02}"
EndProject
Project("{9A19103F-16F7-4668-BE54-9A1E7A4F7556}") = "DevelopmentInProgress.MarketView.Service", "src\DevelopmentInProgress.MarketView.Service\DevelopmentInProgress.MarketView.Service.csproj", "{97279BBF-8DD0-407C-9655-B38B6DC409A2}"
EndProject
Project("{9A19103F-16F7-4668-BE54-9A1E7A4F7556}") = "DevelopmentInProgress.MarketView.Api.Binance", "src\DevelopmentInProgress.MarketView.Api.Binance\DevelopmentInProgress.MarketView.Api.Binance.csproj", "{733CCA07-84F3-46F3-9D23-7FA195F0138F}"
EndProject
Project("{FAE04EC0-301F-11D3-BF4B-00C04F79EFBC}") = "DevelopmentInProgress.Wpf.StrategyManager", "src\DevelopmentInProgress.Wpf.StrategyManager\DevelopmentInProgress.Wpf.StrategyManager.csproj", "{71496A76-548F-42BB-A471-01E54B46C4F6}"
EndProject
Project("{FAE04EC0-301F-11D3-BF4B-00C04F79EFBC}") = "DevelopmentInProgress.Wpf.Common", "src\DevelopmentInProgress.Wpf.Common\DevelopmentInProgress.Wpf.Common.csproj", "{2B523839-EE20-4ED3-A1BA-AC2070C99F4D}"
EndProject
Project("{2150E333-8FDC-42A3-9474-1A3956D46DE8}") = "Strategies", "Strategies", "{782814CA-6F6B-4C17-B374-1AB659CE5C46}"
EndProject
Project("{9A19103F-16F7-4668-BE54-9A1E7A4F7556}") = "DevelopmentInProgress.Demo1", "strategies\DevelopmentInProgress.Demo1\DevelopmentInProgress.Demo1.csproj", "{6F03B5B8-BDAE-4777-A05F-1FD56A946AC6}"
EndProject
Global
	GlobalSection(SolutionConfigurationPlatforms) = preSolution
		Debug|Any CPU = Debug|Any CPU
		Release|Any CPU = Release|Any CPU
	EndGlobalSection
	GlobalSection(ProjectConfigurationPlatforms) = postSolution
		{7BCE5D35-0443-4031-843A-3563356290E1}.Debug|Any CPU.ActiveCfg = Debug|Any CPU
		{7BCE5D35-0443-4031-843A-3563356290E1}.Debug|Any CPU.Build.0 = Debug|Any CPU
		{7BCE5D35-0443-4031-843A-3563356290E1}.Release|Any CPU.ActiveCfg = Release|Any CPU
		{7BCE5D35-0443-4031-843A-3563356290E1}.Release|Any CPU.Build.0 = Release|Any CPU
		{5ACDC574-0F6F-48BC-AD2A-2F29BD7009FE}.Debug|Any CPU.ActiveCfg = Debug|Any CPU
		{5ACDC574-0F6F-48BC-AD2A-2F29BD7009FE}.Debug|Any CPU.Build.0 = Debug|Any CPU
		{5ACDC574-0F6F-48BC-AD2A-2F29BD7009FE}.Release|Any CPU.ActiveCfg = Release|Any CPU
		{5ACDC574-0F6F-48BC-AD2A-2F29BD7009FE}.Release|Any CPU.Build.0 = Release|Any CPU
		{2183C26D-6932-41D9-BB1E-16FA55ADF983}.Debug|Any CPU.ActiveCfg = Debug|Any CPU
		{2183C26D-6932-41D9-BB1E-16FA55ADF983}.Debug|Any CPU.Build.0 = Debug|Any CPU
		{2183C26D-6932-41D9-BB1E-16FA55ADF983}.Release|Any CPU.ActiveCfg = Release|Any CPU
		{2183C26D-6932-41D9-BB1E-16FA55ADF983}.Release|Any CPU.Build.0 = Release|Any CPU
		{86695062-90CC-419D-B455-D6D8C364A215}.Debug|Any CPU.ActiveCfg = Debug|Any CPU
		{86695062-90CC-419D-B455-D6D8C364A215}.Debug|Any CPU.Build.0 = Debug|Any CPU
		{86695062-90CC-419D-B455-D6D8C364A215}.Release|Any CPU.ActiveCfg = Release|Any CPU
		{86695062-90CC-419D-B455-D6D8C364A215}.Release|Any CPU.Build.0 = Release|Any CPU
		{CF7E490F-2CED-4287-A704-766DE5C90B1B}.Debug|Any CPU.ActiveCfg = Debug|Any CPU
		{CF7E490F-2CED-4287-A704-766DE5C90B1B}.Debug|Any CPU.Build.0 = Debug|Any CPU
		{CF7E490F-2CED-4287-A704-766DE5C90B1B}.Release|Any CPU.ActiveCfg = Release|Any CPU
		{CF7E490F-2CED-4287-A704-766DE5C90B1B}.Release|Any CPU.Build.0 = Release|Any CPU
		{BED25B87-79B9-4AFD-A785-8DB7CAFFF8BF}.Debug|Any CPU.ActiveCfg = Debug|Any CPU
		{BED25B87-79B9-4AFD-A785-8DB7CAFFF8BF}.Debug|Any CPU.Build.0 = Debug|Any CPU
		{BED25B87-79B9-4AFD-A785-8DB7CAFFF8BF}.Release|Any CPU.ActiveCfg = Release|Any CPU
		{BED25B87-79B9-4AFD-A785-8DB7CAFFF8BF}.Release|Any CPU.Build.0 = Release|Any CPU
		{57648E9E-B953-40C7-85FC-503270B99640}.Debug|Any CPU.ActiveCfg = Debug|Any CPU
		{57648E9E-B953-40C7-85FC-503270B99640}.Debug|Any CPU.Build.0 = Debug|Any CPU
		{57648E9E-B953-40C7-85FC-503270B99640}.Release|Any CPU.ActiveCfg = Release|Any CPU
		{57648E9E-B953-40C7-85FC-503270B99640}.Release|Any CPU.Build.0 = Release|Any CPU
		{97279BBF-8DD0-407C-9655-B38B6DC409A2}.Debug|Any CPU.ActiveCfg = Debug|Any CPU
		{97279BBF-8DD0-407C-9655-B38B6DC409A2}.Debug|Any CPU.Build.0 = Debug|Any CPU
		{97279BBF-8DD0-407C-9655-B38B6DC409A2}.Release|Any CPU.ActiveCfg = Release|Any CPU
		{97279BBF-8DD0-407C-9655-B38B6DC409A2}.Release|Any CPU.Build.0 = Release|Any CPU
		{733CCA07-84F3-46F3-9D23-7FA195F0138F}.Debug|Any CPU.ActiveCfg = Debug|Any CPU
		{733CCA07-84F3-46F3-9D23-7FA195F0138F}.Debug|Any CPU.Build.0 = Debug|Any CPU
		{733CCA07-84F3-46F3-9D23-7FA195F0138F}.Release|Any CPU.ActiveCfg = Release|Any CPU
		{733CCA07-84F3-46F3-9D23-7FA195F0138F}.Release|Any CPU.Build.0 = Release|Any CPU
		{71496A76-548F-42BB-A471-01E54B46C4F6}.Debug|Any CPU.ActiveCfg = Debug|Any CPU
		{71496A76-548F-42BB-A471-01E54B46C4F6}.Debug|Any CPU.Build.0 = Debug|Any CPU
		{71496A76-548F-42BB-A471-01E54B46C4F6}.Release|Any CPU.ActiveCfg = Release|Any CPU
		{71496A76-548F-42BB-A471-01E54B46C4F6}.Release|Any CPU.Build.0 = Release|Any CPU
		{2B523839-EE20-4ED3-A1BA-AC2070C99F4D}.Debug|Any CPU.ActiveCfg = Debug|Any CPU
		{2B523839-EE20-4ED3-A1BA-AC2070C99F4D}.Debug|Any CPU.Build.0 = Debug|Any CPU
		{2B523839-EE20-4ED3-A1BA-AC2070C99F4D}.Release|Any CPU.ActiveCfg = Release|Any CPU
		{2B523839-EE20-4ED3-A1BA-AC2070C99F4D}.Release|Any CPU.Build.0 = Release|Any CPU
		{6F03B5B8-BDAE-4777-A05F-1FD56A946AC6}.Debug|Any CPU.ActiveCfg = Debug|Any CPU
		{6F03B5B8-BDAE-4777-A05F-1FD56A946AC6}.Debug|Any CPU.Build.0 = Debug|Any CPU
		{6F03B5B8-BDAE-4777-A05F-1FD56A946AC6}.Release|Any CPU.ActiveCfg = Release|Any CPU
		{6F03B5B8-BDAE-4777-A05F-1FD56A946AC6}.Release|Any CPU.Build.0 = Release|Any CPU
	EndGlobalSection
	GlobalSection(SolutionProperties) = preSolution
		HideSolutionNode = FALSE
	EndGlobalSection
	GlobalSection(NestedProjects) = preSolution
		{CF7E490F-2CED-4287-A704-766DE5C90B1B} = {7F4ED901-668D-48FB-A172-4C263A3ABC02}
		{BED25B87-79B9-4AFD-A785-8DB7CAFFF8BF} = {7F4ED901-668D-48FB-A172-4C263A3ABC02}
		{57648E9E-B953-40C7-85FC-503270B99640} = {7F4ED901-668D-48FB-A172-4C263A3ABC02}
		{6F03B5B8-BDAE-4777-A05F-1FD56A946AC6} = {782814CA-6F6B-4C17-B374-1AB659CE5C46}
	EndGlobalSection
	GlobalSection(ExtensibilityGlobals) = postSolution
		SolutionGuid = {1F3B75F9-BA14-4B1C-9571-174E50EB5C7D}
	EndGlobalSection
EndGlobal
