
Microsoft Visual Studio Solution File, Format Version 12.00
# Visual Studio Version 16
VisualStudioVersion = 16.0.29503.13
MinimumVisualStudioVersion = 10.0.40219.1
Project("{2150E333-8FDC-42A3-9474-1A3956D46DE8}") = "Tests", "Tests", "{7F4ED901-668D-48FB-A172-4C263A3ABC02}"
EndProject
Project("{2150E333-8FDC-42A3-9474-1A3956D46DE8}") = "Strategies", "Strategies", "{782814CA-6F6B-4C17-B374-1AB659CE5C46}"
EndProject
Project("{9A19103F-16F7-4668-BE54-9A1E7A4F7556}") = "DevelopmentInProgress.TradeView.Api.Binance", "src\DevelopmentInProgress.TradeView.Api.Binance\DevelopmentInProgress.TradeView.Api.Binance.csproj", "{9D1A16D6-8A60-4C46-A1F1-A933039DC9B6}"
EndProject
Project("{9A19103F-16F7-4668-BE54-9A1E7A4F7556}") = "DevelopmentInProgress.TradeView.Api.Kucoin", "src\DevelopmentInProgress.TradeView.Api.Kucoin\DevelopmentInProgress.TradeView.Api.Kucoin.csproj", "{22647979-0DEB-4F06-9CE3-97F7EDF0875F}"
EndProject
Project("{9A19103F-16F7-4668-BE54-9A1E7A4F7556}") = "DevelopmentInProgress.TradeView.Common", "src\DevelopmentInProgress.TradeView.Common\DevelopmentInProgress.TradeView.Common.csproj", "{03680064-EC5B-42A0-9C53-5A0B097458EA}"
EndProject
Project("{9A19103F-16F7-4668-BE54-9A1E7A4F7556}") = "DevelopmentInProgress.TradeView.Interface", "src\DevelopmentInProgress.TradeView.Interface\DevelopmentInProgress.TradeView.Interface.csproj", "{E3236E65-3232-438D-8DC9-5CD6BE419B68}"
EndProject
Project("{9A19103F-16F7-4668-BE54-9A1E7A4F7556}") = "DevelopmentInProgress.TradeView.Service", "src\DevelopmentInProgress.TradeView.Service\DevelopmentInProgress.TradeView.Service.csproj", "{B0472037-1788-4314-AC54-1D2169029329}"
EndProject
Project("{FAE04EC0-301F-11D3-BF4B-00C04F79EFBC}") = "DevelopmentInProgress.TradeView.Wpf.Common", "src\DevelopmentInProgress.TradeView.Wpf.Common\DevelopmentInProgress.TradeView.Wpf.Common.csproj", "{2B523839-EE20-4ED3-A1BA-AC2070C99F4D}"
EndProject
Project("{FAE04EC0-301F-11D3-BF4B-00C04F79EFBC}") = "DevelopmentInProgress.TradeView.Wpf.Configuration", "src\DevelopmentInProgress.TradeView.Wpf.Configuration\DevelopmentInProgress.TradeView.Wpf.Configuration.csproj", "{5532918F-2DED-441B-ACA5-4AB94B1C83DE}"
EndProject
Project("{FAE04EC0-301F-11D3-BF4B-00C04F79EFBC}") = "DevelopmentInProgress.TradeView.Wpf.Host", "src\DevelopmentInProgress.TradeView.Wpf.Host\DevelopmentInProgress.TradeView.Wpf.Host.csproj", "{7BCE5D35-0443-4031-843A-3563356290E1}"
EndProject
Project("{FAE04EC0-301F-11D3-BF4B-00C04F79EFBC}") = "DevelopmentInProgress.TradeView.Wpf.Trading", "src\DevelopmentInProgress.TradeView.Wpf.Trading\DevelopmentInProgress.TradeView.Wpf.Trading.csproj", "{2183C26D-6932-41D9-BB1E-16FA55ADF983}"
EndProject
Project("{FAE04EC0-301F-11D3-BF4B-00C04F79EFBC}") = "DevelopmentInProgress.TradeView.Wpf.Controls", "src\DevelopmentInProgress.TradeView.Wpf.Controls\DevelopmentInProgress.TradeView.Wpf.Controls.csproj", "{5ACDC574-0F6F-48BC-AD2A-2F29BD7009FE}"
EndProject
Project("{FAE04EC0-301F-11D3-BF4B-00C04F79EFBC}") = "DevelopmentInProgress.TradeView.Interface.Test", "test\DevelopmentInProgress.TradeView.Interface.Test\DevelopmentInProgress.TradeView.Interface.Test.csproj", "{CF7E490F-2CED-4287-A704-766DE5C90B1B}"
EndProject
Project("{FAE04EC0-301F-11D3-BF4B-00C04F79EFBC}") = "DevelopmentInProgress.TradeView.Test.Helper", "test\DevelopmentInProgress.TradeView.Test.Helper\DevelopmentInProgress.TradeView.Test.Helper.csproj", "{57648E9E-B953-40C7-85FC-503270B99640}"
EndProject
Project("{FAE04EC0-301F-11D3-BF4B-00C04F79EFBC}") = "DevelopmentInProgress.TradeView.Wpf.Common.Test", "test\DevelopmentInProgress.TradeView.Wpf.Common.Test\DevelopmentInProgress.TradeView.Wpf.Common.Test.csproj", "{786AC582-C333-43FB-8643-53FFE36D8D2A}"
EndProject
Project("{FAE04EC0-301F-11D3-BF4B-00C04F79EFBC}") = "DevelopmentInProgress.TradeView.Wpf.Trading.Test", "test\DevelopmentInProgress.TradeView.Wpf.Trading.Test\DevelopmentInProgress.TradeView.Wpf.Trading.Test.csproj", "{BED25B87-79B9-4AFD-A785-8DB7CAFFF8BF}"
EndProject
Project("{9A19103F-16F7-4668-BE54-9A1E7A4F7556}") = "DevelopmentInProgress.TradeView.Data", "src\DevelopmentInProgress.TradeView.Data\DevelopmentInProgress.TradeView.Data.csproj", "{DAC8D225-B833-41EB-A595-25A0C59CC85E}"
EndProject
Project("{9A19103F-16F7-4668-BE54-9A1E7A4F7556}") = "DevelopmentInProgress.TradeView.Data.File", "src\DevelopmentInProgress.TradeView.Data.File\DevelopmentInProgress.TradeView.Data.File.csproj", "{F86736D0-104F-4158-A2A5-26CE80DC56BB}"
EndProject
Project("{FAE04EC0-301F-11D3-BF4B-00C04F79EFBC}") = "DevelopmentInProgress.TradeView.Wpf.Strategies", "..\tradeview.strategy\src\DevelopmentInProgress.TradeView.Wpf.Strategies\DevelopmentInProgress.TradeView.Wpf.Strategies.csproj", "{6DA0B118-5B4E-4A0A-BA53-23C18D957006}"
EndProject
Global
	GlobalSection(SolutionConfigurationPlatforms) = preSolution
		Debug|Any CPU = Debug|Any CPU
		Debug|ARM = Debug|ARM
		Debug|ARM64 = Debug|ARM64
		Debug|x64 = Debug|x64
		Debug|x86 = Debug|x86
		Release|Any CPU = Release|Any CPU
		Release|ARM = Release|ARM
		Release|ARM64 = Release|ARM64
		Release|x64 = Release|x64
		Release|x86 = Release|x86
	EndGlobalSection
	GlobalSection(ProjectConfigurationPlatforms) = postSolution
		{9D1A16D6-8A60-4C46-A1F1-A933039DC9B6}.Debug|Any CPU.ActiveCfg = Debug|Any CPU
		{9D1A16D6-8A60-4C46-A1F1-A933039DC9B6}.Debug|Any CPU.Build.0 = Debug|Any CPU
		{9D1A16D6-8A60-4C46-A1F1-A933039DC9B6}.Debug|ARM.ActiveCfg = Debug|Any CPU
		{9D1A16D6-8A60-4C46-A1F1-A933039DC9B6}.Debug|ARM.Build.0 = Debug|Any CPU
		{9D1A16D6-8A60-4C46-A1F1-A933039DC9B6}.Debug|ARM64.ActiveCfg = Debug|Any CPU
		{9D1A16D6-8A60-4C46-A1F1-A933039DC9B6}.Debug|ARM64.Build.0 = Debug|Any CPU
		{9D1A16D6-8A60-4C46-A1F1-A933039DC9B6}.Debug|x64.ActiveCfg = Debug|Any CPU
		{9D1A16D6-8A60-4C46-A1F1-A933039DC9B6}.Debug|x64.Build.0 = Debug|Any CPU
		{9D1A16D6-8A60-4C46-A1F1-A933039DC9B6}.Debug|x86.ActiveCfg = Debug|Any CPU
		{9D1A16D6-8A60-4C46-A1F1-A933039DC9B6}.Debug|x86.Build.0 = Debug|Any CPU
		{9D1A16D6-8A60-4C46-A1F1-A933039DC9B6}.Release|Any CPU.ActiveCfg = Release|Any CPU
		{9D1A16D6-8A60-4C46-A1F1-A933039DC9B6}.Release|Any CPU.Build.0 = Release|Any CPU
		{9D1A16D6-8A60-4C46-A1F1-A933039DC9B6}.Release|ARM.ActiveCfg = Release|Any CPU
		{9D1A16D6-8A60-4C46-A1F1-A933039DC9B6}.Release|ARM.Build.0 = Release|Any CPU
		{9D1A16D6-8A60-4C46-A1F1-A933039DC9B6}.Release|ARM64.ActiveCfg = Release|Any CPU
		{9D1A16D6-8A60-4C46-A1F1-A933039DC9B6}.Release|ARM64.Build.0 = Release|Any CPU
		{9D1A16D6-8A60-4C46-A1F1-A933039DC9B6}.Release|x64.ActiveCfg = Release|Any CPU
		{9D1A16D6-8A60-4C46-A1F1-A933039DC9B6}.Release|x64.Build.0 = Release|Any CPU
		{9D1A16D6-8A60-4C46-A1F1-A933039DC9B6}.Release|x86.ActiveCfg = Release|Any CPU
		{9D1A16D6-8A60-4C46-A1F1-A933039DC9B6}.Release|x86.Build.0 = Release|Any CPU
		{22647979-0DEB-4F06-9CE3-97F7EDF0875F}.Debug|Any CPU.ActiveCfg = Debug|Any CPU
		{22647979-0DEB-4F06-9CE3-97F7EDF0875F}.Debug|Any CPU.Build.0 = Debug|Any CPU
		{22647979-0DEB-4F06-9CE3-97F7EDF0875F}.Debug|ARM.ActiveCfg = Debug|Any CPU
		{22647979-0DEB-4F06-9CE3-97F7EDF0875F}.Debug|ARM.Build.0 = Debug|Any CPU
		{22647979-0DEB-4F06-9CE3-97F7EDF0875F}.Debug|ARM64.ActiveCfg = Debug|Any CPU
		{22647979-0DEB-4F06-9CE3-97F7EDF0875F}.Debug|ARM64.Build.0 = Debug|Any CPU
		{22647979-0DEB-4F06-9CE3-97F7EDF0875F}.Debug|x64.ActiveCfg = Debug|Any CPU
		{22647979-0DEB-4F06-9CE3-97F7EDF0875F}.Debug|x64.Build.0 = Debug|Any CPU
		{22647979-0DEB-4F06-9CE3-97F7EDF0875F}.Debug|x86.ActiveCfg = Debug|Any CPU
		{22647979-0DEB-4F06-9CE3-97F7EDF0875F}.Debug|x86.Build.0 = Debug|Any CPU
		{22647979-0DEB-4F06-9CE3-97F7EDF0875F}.Release|Any CPU.ActiveCfg = Release|Any CPU
		{22647979-0DEB-4F06-9CE3-97F7EDF0875F}.Release|Any CPU.Build.0 = Release|Any CPU
		{22647979-0DEB-4F06-9CE3-97F7EDF0875F}.Release|ARM.ActiveCfg = Release|Any CPU
		{22647979-0DEB-4F06-9CE3-97F7EDF0875F}.Release|ARM.Build.0 = Release|Any CPU
		{22647979-0DEB-4F06-9CE3-97F7EDF0875F}.Release|ARM64.ActiveCfg = Release|Any CPU
		{22647979-0DEB-4F06-9CE3-97F7EDF0875F}.Release|ARM64.Build.0 = Release|Any CPU
		{22647979-0DEB-4F06-9CE3-97F7EDF0875F}.Release|x64.ActiveCfg = Release|Any CPU
		{22647979-0DEB-4F06-9CE3-97F7EDF0875F}.Release|x64.Build.0 = Release|Any CPU
		{22647979-0DEB-4F06-9CE3-97F7EDF0875F}.Release|x86.ActiveCfg = Release|Any CPU
		{22647979-0DEB-4F06-9CE3-97F7EDF0875F}.Release|x86.Build.0 = Release|Any CPU
		{03680064-EC5B-42A0-9C53-5A0B097458EA}.Debug|Any CPU.ActiveCfg = Debug|Any CPU
		{03680064-EC5B-42A0-9C53-5A0B097458EA}.Debug|Any CPU.Build.0 = Debug|Any CPU
		{03680064-EC5B-42A0-9C53-5A0B097458EA}.Debug|ARM.ActiveCfg = Debug|Any CPU
		{03680064-EC5B-42A0-9C53-5A0B097458EA}.Debug|ARM.Build.0 = Debug|Any CPU
		{03680064-EC5B-42A0-9C53-5A0B097458EA}.Debug|ARM64.ActiveCfg = Debug|Any CPU
		{03680064-EC5B-42A0-9C53-5A0B097458EA}.Debug|ARM64.Build.0 = Debug|Any CPU
		{03680064-EC5B-42A0-9C53-5A0B097458EA}.Debug|x64.ActiveCfg = Debug|Any CPU
		{03680064-EC5B-42A0-9C53-5A0B097458EA}.Debug|x64.Build.0 = Debug|Any CPU
		{03680064-EC5B-42A0-9C53-5A0B097458EA}.Debug|x86.ActiveCfg = Debug|Any CPU
		{03680064-EC5B-42A0-9C53-5A0B097458EA}.Debug|x86.Build.0 = Debug|Any CPU
		{03680064-EC5B-42A0-9C53-5A0B097458EA}.Release|Any CPU.ActiveCfg = Release|Any CPU
		{03680064-EC5B-42A0-9C53-5A0B097458EA}.Release|Any CPU.Build.0 = Release|Any CPU
		{03680064-EC5B-42A0-9C53-5A0B097458EA}.Release|ARM.ActiveCfg = Release|Any CPU
		{03680064-EC5B-42A0-9C53-5A0B097458EA}.Release|ARM.Build.0 = Release|Any CPU
		{03680064-EC5B-42A0-9C53-5A0B097458EA}.Release|ARM64.ActiveCfg = Release|Any CPU
		{03680064-EC5B-42A0-9C53-5A0B097458EA}.Release|ARM64.Build.0 = Release|Any CPU
		{03680064-EC5B-42A0-9C53-5A0B097458EA}.Release|x64.ActiveCfg = Release|Any CPU
		{03680064-EC5B-42A0-9C53-5A0B097458EA}.Release|x64.Build.0 = Release|Any CPU
		{03680064-EC5B-42A0-9C53-5A0B097458EA}.Release|x86.ActiveCfg = Release|Any CPU
		{03680064-EC5B-42A0-9C53-5A0B097458EA}.Release|x86.Build.0 = Release|Any CPU
		{E3236E65-3232-438D-8DC9-5CD6BE419B68}.Debug|Any CPU.ActiveCfg = Debug|Any CPU
		{E3236E65-3232-438D-8DC9-5CD6BE419B68}.Debug|Any CPU.Build.0 = Debug|Any CPU
		{E3236E65-3232-438D-8DC9-5CD6BE419B68}.Debug|ARM.ActiveCfg = Debug|Any CPU
		{E3236E65-3232-438D-8DC9-5CD6BE419B68}.Debug|ARM.Build.0 = Debug|Any CPU
		{E3236E65-3232-438D-8DC9-5CD6BE419B68}.Debug|ARM64.ActiveCfg = Debug|Any CPU
		{E3236E65-3232-438D-8DC9-5CD6BE419B68}.Debug|ARM64.Build.0 = Debug|Any CPU
		{E3236E65-3232-438D-8DC9-5CD6BE419B68}.Debug|x64.ActiveCfg = Debug|Any CPU
		{E3236E65-3232-438D-8DC9-5CD6BE419B68}.Debug|x64.Build.0 = Debug|Any CPU
		{E3236E65-3232-438D-8DC9-5CD6BE419B68}.Debug|x86.ActiveCfg = Debug|Any CPU
		{E3236E65-3232-438D-8DC9-5CD6BE419B68}.Debug|x86.Build.0 = Debug|Any CPU
		{E3236E65-3232-438D-8DC9-5CD6BE419B68}.Release|Any CPU.ActiveCfg = Release|Any CPU
		{E3236E65-3232-438D-8DC9-5CD6BE419B68}.Release|Any CPU.Build.0 = Release|Any CPU
		{E3236E65-3232-438D-8DC9-5CD6BE419B68}.Release|ARM.ActiveCfg = Release|Any CPU
		{E3236E65-3232-438D-8DC9-5CD6BE419B68}.Release|ARM.Build.0 = Release|Any CPU
		{E3236E65-3232-438D-8DC9-5CD6BE419B68}.Release|ARM64.ActiveCfg = Release|Any CPU
		{E3236E65-3232-438D-8DC9-5CD6BE419B68}.Release|ARM64.Build.0 = Release|Any CPU
		{E3236E65-3232-438D-8DC9-5CD6BE419B68}.Release|x64.ActiveCfg = Release|Any CPU
		{E3236E65-3232-438D-8DC9-5CD6BE419B68}.Release|x64.Build.0 = Release|Any CPU
		{E3236E65-3232-438D-8DC9-5CD6BE419B68}.Release|x86.ActiveCfg = Release|Any CPU
		{E3236E65-3232-438D-8DC9-5CD6BE419B68}.Release|x86.Build.0 = Release|Any CPU
		{B0472037-1788-4314-AC54-1D2169029329}.Debug|Any CPU.ActiveCfg = Debug|Any CPU
		{B0472037-1788-4314-AC54-1D2169029329}.Debug|Any CPU.Build.0 = Debug|Any CPU
		{B0472037-1788-4314-AC54-1D2169029329}.Debug|ARM.ActiveCfg = Debug|Any CPU
		{B0472037-1788-4314-AC54-1D2169029329}.Debug|ARM.Build.0 = Debug|Any CPU
		{B0472037-1788-4314-AC54-1D2169029329}.Debug|ARM64.ActiveCfg = Debug|Any CPU
		{B0472037-1788-4314-AC54-1D2169029329}.Debug|ARM64.Build.0 = Debug|Any CPU
		{B0472037-1788-4314-AC54-1D2169029329}.Debug|x64.ActiveCfg = Debug|Any CPU
		{B0472037-1788-4314-AC54-1D2169029329}.Debug|x64.Build.0 = Debug|Any CPU
		{B0472037-1788-4314-AC54-1D2169029329}.Debug|x86.ActiveCfg = Debug|Any CPU
		{B0472037-1788-4314-AC54-1D2169029329}.Debug|x86.Build.0 = Debug|Any CPU
		{B0472037-1788-4314-AC54-1D2169029329}.Release|Any CPU.ActiveCfg = Release|Any CPU
		{B0472037-1788-4314-AC54-1D2169029329}.Release|Any CPU.Build.0 = Release|Any CPU
		{B0472037-1788-4314-AC54-1D2169029329}.Release|ARM.ActiveCfg = Release|Any CPU
		{B0472037-1788-4314-AC54-1D2169029329}.Release|ARM.Build.0 = Release|Any CPU
		{B0472037-1788-4314-AC54-1D2169029329}.Release|ARM64.ActiveCfg = Release|Any CPU
		{B0472037-1788-4314-AC54-1D2169029329}.Release|ARM64.Build.0 = Release|Any CPU
		{B0472037-1788-4314-AC54-1D2169029329}.Release|x64.ActiveCfg = Release|Any CPU
		{B0472037-1788-4314-AC54-1D2169029329}.Release|x64.Build.0 = Release|Any CPU
		{B0472037-1788-4314-AC54-1D2169029329}.Release|x86.ActiveCfg = Release|Any CPU
		{B0472037-1788-4314-AC54-1D2169029329}.Release|x86.Build.0 = Release|Any CPU
		{2B523839-EE20-4ED3-A1BA-AC2070C99F4D}.Debug|Any CPU.ActiveCfg = Debug|Any CPU
		{2B523839-EE20-4ED3-A1BA-AC2070C99F4D}.Debug|Any CPU.Build.0 = Debug|Any CPU
		{2B523839-EE20-4ED3-A1BA-AC2070C99F4D}.Debug|ARM.ActiveCfg = Debug|Any CPU
		{2B523839-EE20-4ED3-A1BA-AC2070C99F4D}.Debug|ARM.Build.0 = Debug|Any CPU
		{2B523839-EE20-4ED3-A1BA-AC2070C99F4D}.Debug|ARM64.ActiveCfg = Debug|Any CPU
		{2B523839-EE20-4ED3-A1BA-AC2070C99F4D}.Debug|ARM64.Build.0 = Debug|Any CPU
		{2B523839-EE20-4ED3-A1BA-AC2070C99F4D}.Debug|x64.ActiveCfg = Debug|Any CPU
		{2B523839-EE20-4ED3-A1BA-AC2070C99F4D}.Debug|x64.Build.0 = Debug|Any CPU
		{2B523839-EE20-4ED3-A1BA-AC2070C99F4D}.Debug|x86.ActiveCfg = Debug|Any CPU
		{2B523839-EE20-4ED3-A1BA-AC2070C99F4D}.Debug|x86.Build.0 = Debug|Any CPU
		{2B523839-EE20-4ED3-A1BA-AC2070C99F4D}.Release|Any CPU.ActiveCfg = Release|Any CPU
		{2B523839-EE20-4ED3-A1BA-AC2070C99F4D}.Release|Any CPU.Build.0 = Release|Any CPU
		{2B523839-EE20-4ED3-A1BA-AC2070C99F4D}.Release|ARM.ActiveCfg = Release|Any CPU
		{2B523839-EE20-4ED3-A1BA-AC2070C99F4D}.Release|ARM.Build.0 = Release|Any CPU
		{2B523839-EE20-4ED3-A1BA-AC2070C99F4D}.Release|ARM64.ActiveCfg = Release|Any CPU
		{2B523839-EE20-4ED3-A1BA-AC2070C99F4D}.Release|ARM64.Build.0 = Release|Any CPU
		{2B523839-EE20-4ED3-A1BA-AC2070C99F4D}.Release|x64.ActiveCfg = Release|Any CPU
		{2B523839-EE20-4ED3-A1BA-AC2070C99F4D}.Release|x64.Build.0 = Release|Any CPU
		{2B523839-EE20-4ED3-A1BA-AC2070C99F4D}.Release|x86.ActiveCfg = Release|Any CPU
		{2B523839-EE20-4ED3-A1BA-AC2070C99F4D}.Release|x86.Build.0 = Release|Any CPU
		{5532918F-2DED-441B-ACA5-4AB94B1C83DE}.Debug|Any CPU.ActiveCfg = Debug|Any CPU
		{5532918F-2DED-441B-ACA5-4AB94B1C83DE}.Debug|Any CPU.Build.0 = Debug|Any CPU
		{5532918F-2DED-441B-ACA5-4AB94B1C83DE}.Debug|ARM.ActiveCfg = Debug|Any CPU
		{5532918F-2DED-441B-ACA5-4AB94B1C83DE}.Debug|ARM.Build.0 = Debug|Any CPU
		{5532918F-2DED-441B-ACA5-4AB94B1C83DE}.Debug|ARM64.ActiveCfg = Debug|Any CPU
		{5532918F-2DED-441B-ACA5-4AB94B1C83DE}.Debug|ARM64.Build.0 = Debug|Any CPU
		{5532918F-2DED-441B-ACA5-4AB94B1C83DE}.Debug|x64.ActiveCfg = Debug|Any CPU
		{5532918F-2DED-441B-ACA5-4AB94B1C83DE}.Debug|x64.Build.0 = Debug|Any CPU
		{5532918F-2DED-441B-ACA5-4AB94B1C83DE}.Debug|x86.ActiveCfg = Debug|Any CPU
		{5532918F-2DED-441B-ACA5-4AB94B1C83DE}.Debug|x86.Build.0 = Debug|Any CPU
		{5532918F-2DED-441B-ACA5-4AB94B1C83DE}.Release|Any CPU.ActiveCfg = Release|Any CPU
		{5532918F-2DED-441B-ACA5-4AB94B1C83DE}.Release|Any CPU.Build.0 = Release|Any CPU
		{5532918F-2DED-441B-ACA5-4AB94B1C83DE}.Release|ARM.ActiveCfg = Release|Any CPU
		{5532918F-2DED-441B-ACA5-4AB94B1C83DE}.Release|ARM.Build.0 = Release|Any CPU
		{5532918F-2DED-441B-ACA5-4AB94B1C83DE}.Release|ARM64.ActiveCfg = Release|Any CPU
		{5532918F-2DED-441B-ACA5-4AB94B1C83DE}.Release|ARM64.Build.0 = Release|Any CPU
		{5532918F-2DED-441B-ACA5-4AB94B1C83DE}.Release|x64.ActiveCfg = Release|Any CPU
		{5532918F-2DED-441B-ACA5-4AB94B1C83DE}.Release|x64.Build.0 = Release|Any CPU
		{5532918F-2DED-441B-ACA5-4AB94B1C83DE}.Release|x86.ActiveCfg = Release|Any CPU
		{5532918F-2DED-441B-ACA5-4AB94B1C83DE}.Release|x86.Build.0 = Release|Any CPU
		{7BCE5D35-0443-4031-843A-3563356290E1}.Debug|Any CPU.ActiveCfg = Debug|Any CPU
		{7BCE5D35-0443-4031-843A-3563356290E1}.Debug|Any CPU.Build.0 = Debug|Any CPU
		{7BCE5D35-0443-4031-843A-3563356290E1}.Debug|ARM.ActiveCfg = Debug|Any CPU
		{7BCE5D35-0443-4031-843A-3563356290E1}.Debug|ARM.Build.0 = Debug|Any CPU
		{7BCE5D35-0443-4031-843A-3563356290E1}.Debug|ARM64.ActiveCfg = Debug|Any CPU
		{7BCE5D35-0443-4031-843A-3563356290E1}.Debug|ARM64.Build.0 = Debug|Any CPU
		{7BCE5D35-0443-4031-843A-3563356290E1}.Debug|x64.ActiveCfg = Debug|Any CPU
		{7BCE5D35-0443-4031-843A-3563356290E1}.Debug|x64.Build.0 = Debug|Any CPU
		{7BCE5D35-0443-4031-843A-3563356290E1}.Debug|x86.ActiveCfg = Debug|Any CPU
		{7BCE5D35-0443-4031-843A-3563356290E1}.Debug|x86.Build.0 = Debug|Any CPU
		{7BCE5D35-0443-4031-843A-3563356290E1}.Release|Any CPU.ActiveCfg = Release|Any CPU
		{7BCE5D35-0443-4031-843A-3563356290E1}.Release|Any CPU.Build.0 = Release|Any CPU
		{7BCE5D35-0443-4031-843A-3563356290E1}.Release|ARM.ActiveCfg = Release|Any CPU
		{7BCE5D35-0443-4031-843A-3563356290E1}.Release|ARM.Build.0 = Release|Any CPU
		{7BCE5D35-0443-4031-843A-3563356290E1}.Release|ARM64.ActiveCfg = Release|Any CPU
		{7BCE5D35-0443-4031-843A-3563356290E1}.Release|ARM64.Build.0 = Release|Any CPU
		{7BCE5D35-0443-4031-843A-3563356290E1}.Release|x64.ActiveCfg = Release|Any CPU
		{7BCE5D35-0443-4031-843A-3563356290E1}.Release|x64.Build.0 = Release|Any CPU
		{7BCE5D35-0443-4031-843A-3563356290E1}.Release|x86.ActiveCfg = Release|Any CPU
		{7BCE5D35-0443-4031-843A-3563356290E1}.Release|x86.Build.0 = Release|Any CPU
		{2183C26D-6932-41D9-BB1E-16FA55ADF983}.Debug|Any CPU.ActiveCfg = Debug|Any CPU
		{2183C26D-6932-41D9-BB1E-16FA55ADF983}.Debug|Any CPU.Build.0 = Debug|Any CPU
		{2183C26D-6932-41D9-BB1E-16FA55ADF983}.Debug|ARM.ActiveCfg = Debug|Any CPU
		{2183C26D-6932-41D9-BB1E-16FA55ADF983}.Debug|ARM.Build.0 = Debug|Any CPU
		{2183C26D-6932-41D9-BB1E-16FA55ADF983}.Debug|ARM64.ActiveCfg = Debug|Any CPU
		{2183C26D-6932-41D9-BB1E-16FA55ADF983}.Debug|ARM64.Build.0 = Debug|Any CPU
		{2183C26D-6932-41D9-BB1E-16FA55ADF983}.Debug|x64.ActiveCfg = Debug|Any CPU
		{2183C26D-6932-41D9-BB1E-16FA55ADF983}.Debug|x64.Build.0 = Debug|Any CPU
		{2183C26D-6932-41D9-BB1E-16FA55ADF983}.Debug|x86.ActiveCfg = Debug|Any CPU
		{2183C26D-6932-41D9-BB1E-16FA55ADF983}.Debug|x86.Build.0 = Debug|Any CPU
		{2183C26D-6932-41D9-BB1E-16FA55ADF983}.Release|Any CPU.ActiveCfg = Release|Any CPU
		{2183C26D-6932-41D9-BB1E-16FA55ADF983}.Release|Any CPU.Build.0 = Release|Any CPU
		{2183C26D-6932-41D9-BB1E-16FA55ADF983}.Release|ARM.ActiveCfg = Release|Any CPU
		{2183C26D-6932-41D9-BB1E-16FA55ADF983}.Release|ARM.Build.0 = Release|Any CPU
		{2183C26D-6932-41D9-BB1E-16FA55ADF983}.Release|ARM64.ActiveCfg = Release|Any CPU
		{2183C26D-6932-41D9-BB1E-16FA55ADF983}.Release|ARM64.Build.0 = Release|Any CPU
		{2183C26D-6932-41D9-BB1E-16FA55ADF983}.Release|x64.ActiveCfg = Release|Any CPU
		{2183C26D-6932-41D9-BB1E-16FA55ADF983}.Release|x64.Build.0 = Release|Any CPU
		{2183C26D-6932-41D9-BB1E-16FA55ADF983}.Release|x86.ActiveCfg = Release|Any CPU
		{2183C26D-6932-41D9-BB1E-16FA55ADF983}.Release|x86.Build.0 = Release|Any CPU
		{5ACDC574-0F6F-48BC-AD2A-2F29BD7009FE}.Debug|Any CPU.ActiveCfg = Debug|Any CPU
		{5ACDC574-0F6F-48BC-AD2A-2F29BD7009FE}.Debug|Any CPU.Build.0 = Debug|Any CPU
		{5ACDC574-0F6F-48BC-AD2A-2F29BD7009FE}.Debug|ARM.ActiveCfg = Debug|Any CPU
		{5ACDC574-0F6F-48BC-AD2A-2F29BD7009FE}.Debug|ARM.Build.0 = Debug|Any CPU
		{5ACDC574-0F6F-48BC-AD2A-2F29BD7009FE}.Debug|ARM64.ActiveCfg = Debug|Any CPU
		{5ACDC574-0F6F-48BC-AD2A-2F29BD7009FE}.Debug|ARM64.Build.0 = Debug|Any CPU
		{5ACDC574-0F6F-48BC-AD2A-2F29BD7009FE}.Debug|x64.ActiveCfg = Debug|Any CPU
		{5ACDC574-0F6F-48BC-AD2A-2F29BD7009FE}.Debug|x64.Build.0 = Debug|Any CPU
		{5ACDC574-0F6F-48BC-AD2A-2F29BD7009FE}.Debug|x86.ActiveCfg = Debug|Any CPU
		{5ACDC574-0F6F-48BC-AD2A-2F29BD7009FE}.Debug|x86.Build.0 = Debug|Any CPU
		{5ACDC574-0F6F-48BC-AD2A-2F29BD7009FE}.Release|Any CPU.ActiveCfg = Release|Any CPU
		{5ACDC574-0F6F-48BC-AD2A-2F29BD7009FE}.Release|Any CPU.Build.0 = Release|Any CPU
		{5ACDC574-0F6F-48BC-AD2A-2F29BD7009FE}.Release|ARM.ActiveCfg = Release|Any CPU
		{5ACDC574-0F6F-48BC-AD2A-2F29BD7009FE}.Release|ARM.Build.0 = Release|Any CPU
		{5ACDC574-0F6F-48BC-AD2A-2F29BD7009FE}.Release|ARM64.ActiveCfg = Release|Any CPU
		{5ACDC574-0F6F-48BC-AD2A-2F29BD7009FE}.Release|ARM64.Build.0 = Release|Any CPU
		{5ACDC574-0F6F-48BC-AD2A-2F29BD7009FE}.Release|x64.ActiveCfg = Release|Any CPU
		{5ACDC574-0F6F-48BC-AD2A-2F29BD7009FE}.Release|x64.Build.0 = Release|Any CPU
		{5ACDC574-0F6F-48BC-AD2A-2F29BD7009FE}.Release|x86.ActiveCfg = Release|Any CPU
		{5ACDC574-0F6F-48BC-AD2A-2F29BD7009FE}.Release|x86.Build.0 = Release|Any CPU
		{CF7E490F-2CED-4287-A704-766DE5C90B1B}.Debug|Any CPU.ActiveCfg = Debug|Any CPU
		{CF7E490F-2CED-4287-A704-766DE5C90B1B}.Debug|Any CPU.Build.0 = Debug|Any CPU
		{CF7E490F-2CED-4287-A704-766DE5C90B1B}.Debug|ARM.ActiveCfg = Debug|Any CPU
		{CF7E490F-2CED-4287-A704-766DE5C90B1B}.Debug|ARM.Build.0 = Debug|Any CPU
		{CF7E490F-2CED-4287-A704-766DE5C90B1B}.Debug|ARM64.ActiveCfg = Debug|Any CPU
		{CF7E490F-2CED-4287-A704-766DE5C90B1B}.Debug|ARM64.Build.0 = Debug|Any CPU
		{CF7E490F-2CED-4287-A704-766DE5C90B1B}.Debug|x64.ActiveCfg = Debug|Any CPU
		{CF7E490F-2CED-4287-A704-766DE5C90B1B}.Debug|x64.Build.0 = Debug|Any CPU
		{CF7E490F-2CED-4287-A704-766DE5C90B1B}.Debug|x86.ActiveCfg = Debug|Any CPU
		{CF7E490F-2CED-4287-A704-766DE5C90B1B}.Debug|x86.Build.0 = Debug|Any CPU
		{CF7E490F-2CED-4287-A704-766DE5C90B1B}.Release|Any CPU.ActiveCfg = Release|Any CPU
		{CF7E490F-2CED-4287-A704-766DE5C90B1B}.Release|Any CPU.Build.0 = Release|Any CPU
		{CF7E490F-2CED-4287-A704-766DE5C90B1B}.Release|ARM.ActiveCfg = Release|Any CPU
		{CF7E490F-2CED-4287-A704-766DE5C90B1B}.Release|ARM.Build.0 = Release|Any CPU
		{CF7E490F-2CED-4287-A704-766DE5C90B1B}.Release|ARM64.ActiveCfg = Release|Any CPU
		{CF7E490F-2CED-4287-A704-766DE5C90B1B}.Release|ARM64.Build.0 = Release|Any CPU
		{CF7E490F-2CED-4287-A704-766DE5C90B1B}.Release|x64.ActiveCfg = Release|Any CPU
		{CF7E490F-2CED-4287-A704-766DE5C90B1B}.Release|x64.Build.0 = Release|Any CPU
		{CF7E490F-2CED-4287-A704-766DE5C90B1B}.Release|x86.ActiveCfg = Release|Any CPU
		{CF7E490F-2CED-4287-A704-766DE5C90B1B}.Release|x86.Build.0 = Release|Any CPU
		{57648E9E-B953-40C7-85FC-503270B99640}.Debug|Any CPU.ActiveCfg = Debug|Any CPU
		{57648E9E-B953-40C7-85FC-503270B99640}.Debug|Any CPU.Build.0 = Debug|Any CPU
		{57648E9E-B953-40C7-85FC-503270B99640}.Debug|ARM.ActiveCfg = Debug|Any CPU
		{57648E9E-B953-40C7-85FC-503270B99640}.Debug|ARM.Build.0 = Debug|Any CPU
		{57648E9E-B953-40C7-85FC-503270B99640}.Debug|ARM64.ActiveCfg = Debug|Any CPU
		{57648E9E-B953-40C7-85FC-503270B99640}.Debug|ARM64.Build.0 = Debug|Any CPU
		{57648E9E-B953-40C7-85FC-503270B99640}.Debug|x64.ActiveCfg = Debug|Any CPU
		{57648E9E-B953-40C7-85FC-503270B99640}.Debug|x64.Build.0 = Debug|Any CPU
		{57648E9E-B953-40C7-85FC-503270B99640}.Debug|x86.ActiveCfg = Debug|Any CPU
		{57648E9E-B953-40C7-85FC-503270B99640}.Debug|x86.Build.0 = Debug|Any CPU
		{57648E9E-B953-40C7-85FC-503270B99640}.Release|Any CPU.ActiveCfg = Release|Any CPU
		{57648E9E-B953-40C7-85FC-503270B99640}.Release|Any CPU.Build.0 = Release|Any CPU
		{57648E9E-B953-40C7-85FC-503270B99640}.Release|ARM.ActiveCfg = Release|Any CPU
		{57648E9E-B953-40C7-85FC-503270B99640}.Release|ARM.Build.0 = Release|Any CPU
		{57648E9E-B953-40C7-85FC-503270B99640}.Release|ARM64.ActiveCfg = Release|Any CPU
		{57648E9E-B953-40C7-85FC-503270B99640}.Release|ARM64.Build.0 = Release|Any CPU
		{57648E9E-B953-40C7-85FC-503270B99640}.Release|x64.ActiveCfg = Release|Any CPU
		{57648E9E-B953-40C7-85FC-503270B99640}.Release|x64.Build.0 = Release|Any CPU
		{57648E9E-B953-40C7-85FC-503270B99640}.Release|x86.ActiveCfg = Release|Any CPU
		{57648E9E-B953-40C7-85FC-503270B99640}.Release|x86.Build.0 = Release|Any CPU
		{786AC582-C333-43FB-8643-53FFE36D8D2A}.Debug|Any CPU.ActiveCfg = Debug|Any CPU
		{786AC582-C333-43FB-8643-53FFE36D8D2A}.Debug|Any CPU.Build.0 = Debug|Any CPU
		{786AC582-C333-43FB-8643-53FFE36D8D2A}.Debug|ARM.ActiveCfg = Debug|Any CPU
		{786AC582-C333-43FB-8643-53FFE36D8D2A}.Debug|ARM.Build.0 = Debug|Any CPU
		{786AC582-C333-43FB-8643-53FFE36D8D2A}.Debug|ARM64.ActiveCfg = Debug|Any CPU
		{786AC582-C333-43FB-8643-53FFE36D8D2A}.Debug|ARM64.Build.0 = Debug|Any CPU
		{786AC582-C333-43FB-8643-53FFE36D8D2A}.Debug|x64.ActiveCfg = Debug|Any CPU
		{786AC582-C333-43FB-8643-53FFE36D8D2A}.Debug|x64.Build.0 = Debug|Any CPU
		{786AC582-C333-43FB-8643-53FFE36D8D2A}.Debug|x86.ActiveCfg = Debug|Any CPU
		{786AC582-C333-43FB-8643-53FFE36D8D2A}.Debug|x86.Build.0 = Debug|Any CPU
		{786AC582-C333-43FB-8643-53FFE36D8D2A}.Release|Any CPU.ActiveCfg = Release|Any CPU
		{786AC582-C333-43FB-8643-53FFE36D8D2A}.Release|Any CPU.Build.0 = Release|Any CPU
		{786AC582-C333-43FB-8643-53FFE36D8D2A}.Release|ARM.ActiveCfg = Release|Any CPU
		{786AC582-C333-43FB-8643-53FFE36D8D2A}.Release|ARM.Build.0 = Release|Any CPU
		{786AC582-C333-43FB-8643-53FFE36D8D2A}.Release|ARM64.ActiveCfg = Release|Any CPU
		{786AC582-C333-43FB-8643-53FFE36D8D2A}.Release|ARM64.Build.0 = Release|Any CPU
		{786AC582-C333-43FB-8643-53FFE36D8D2A}.Release|x64.ActiveCfg = Release|Any CPU
		{786AC582-C333-43FB-8643-53FFE36D8D2A}.Release|x64.Build.0 = Release|Any CPU
		{786AC582-C333-43FB-8643-53FFE36D8D2A}.Release|x86.ActiveCfg = Release|Any CPU
		{786AC582-C333-43FB-8643-53FFE36D8D2A}.Release|x86.Build.0 = Release|Any CPU
		{BED25B87-79B9-4AFD-A785-8DB7CAFFF8BF}.Debug|Any CPU.ActiveCfg = Debug|Any CPU
		{BED25B87-79B9-4AFD-A785-8DB7CAFFF8BF}.Debug|Any CPU.Build.0 = Debug|Any CPU
		{BED25B87-79B9-4AFD-A785-8DB7CAFFF8BF}.Debug|ARM.ActiveCfg = Debug|Any CPU
		{BED25B87-79B9-4AFD-A785-8DB7CAFFF8BF}.Debug|ARM.Build.0 = Debug|Any CPU
		{BED25B87-79B9-4AFD-A785-8DB7CAFFF8BF}.Debug|ARM64.ActiveCfg = Debug|Any CPU
		{BED25B87-79B9-4AFD-A785-8DB7CAFFF8BF}.Debug|ARM64.Build.0 = Debug|Any CPU
		{BED25B87-79B9-4AFD-A785-8DB7CAFFF8BF}.Debug|x64.ActiveCfg = Debug|Any CPU
		{BED25B87-79B9-4AFD-A785-8DB7CAFFF8BF}.Debug|x64.Build.0 = Debug|Any CPU
		{BED25B87-79B9-4AFD-A785-8DB7CAFFF8BF}.Debug|x86.ActiveCfg = Debug|Any CPU
		{BED25B87-79B9-4AFD-A785-8DB7CAFFF8BF}.Debug|x86.Build.0 = Debug|Any CPU
		{BED25B87-79B9-4AFD-A785-8DB7CAFFF8BF}.Release|Any CPU.ActiveCfg = Release|Any CPU
		{BED25B87-79B9-4AFD-A785-8DB7CAFFF8BF}.Release|Any CPU.Build.0 = Release|Any CPU
		{BED25B87-79B9-4AFD-A785-8DB7CAFFF8BF}.Release|ARM.ActiveCfg = Release|Any CPU
		{BED25B87-79B9-4AFD-A785-8DB7CAFFF8BF}.Release|ARM.Build.0 = Release|Any CPU
		{BED25B87-79B9-4AFD-A785-8DB7CAFFF8BF}.Release|ARM64.ActiveCfg = Release|Any CPU
		{BED25B87-79B9-4AFD-A785-8DB7CAFFF8BF}.Release|ARM64.Build.0 = Release|Any CPU
		{BED25B87-79B9-4AFD-A785-8DB7CAFFF8BF}.Release|x64.ActiveCfg = Release|Any CPU
		{BED25B87-79B9-4AFD-A785-8DB7CAFFF8BF}.Release|x64.Build.0 = Release|Any CPU
		{BED25B87-79B9-4AFD-A785-8DB7CAFFF8BF}.Release|x86.ActiveCfg = Release|Any CPU
		{BED25B87-79B9-4AFD-A785-8DB7CAFFF8BF}.Release|x86.Build.0 = Release|Any CPU
		{DAC8D225-B833-41EB-A595-25A0C59CC85E}.Debug|Any CPU.ActiveCfg = Debug|Any CPU
		{DAC8D225-B833-41EB-A595-25A0C59CC85E}.Debug|Any CPU.Build.0 = Debug|Any CPU
		{DAC8D225-B833-41EB-A595-25A0C59CC85E}.Debug|ARM.ActiveCfg = Debug|Any CPU
		{DAC8D225-B833-41EB-A595-25A0C59CC85E}.Debug|ARM.Build.0 = Debug|Any CPU
		{DAC8D225-B833-41EB-A595-25A0C59CC85E}.Debug|ARM64.ActiveCfg = Debug|Any CPU
		{DAC8D225-B833-41EB-A595-25A0C59CC85E}.Debug|ARM64.Build.0 = Debug|Any CPU
		{DAC8D225-B833-41EB-A595-25A0C59CC85E}.Debug|x64.ActiveCfg = Debug|Any CPU
		{DAC8D225-B833-41EB-A595-25A0C59CC85E}.Debug|x64.Build.0 = Debug|Any CPU
		{DAC8D225-B833-41EB-A595-25A0C59CC85E}.Debug|x86.ActiveCfg = Debug|Any CPU
		{DAC8D225-B833-41EB-A595-25A0C59CC85E}.Debug|x86.Build.0 = Debug|Any CPU
		{DAC8D225-B833-41EB-A595-25A0C59CC85E}.Release|Any CPU.ActiveCfg = Release|Any CPU
		{DAC8D225-B833-41EB-A595-25A0C59CC85E}.Release|Any CPU.Build.0 = Release|Any CPU
		{DAC8D225-B833-41EB-A595-25A0C59CC85E}.Release|ARM.ActiveCfg = Release|Any CPU
		{DAC8D225-B833-41EB-A595-25A0C59CC85E}.Release|ARM.Build.0 = Release|Any CPU
		{DAC8D225-B833-41EB-A595-25A0C59CC85E}.Release|ARM64.ActiveCfg = Release|Any CPU
		{DAC8D225-B833-41EB-A595-25A0C59CC85E}.Release|ARM64.Build.0 = Release|Any CPU
		{DAC8D225-B833-41EB-A595-25A0C59CC85E}.Release|x64.ActiveCfg = Release|Any CPU
		{DAC8D225-B833-41EB-A595-25A0C59CC85E}.Release|x64.Build.0 = Release|Any CPU
		{DAC8D225-B833-41EB-A595-25A0C59CC85E}.Release|x86.ActiveCfg = Release|Any CPU
		{DAC8D225-B833-41EB-A595-25A0C59CC85E}.Release|x86.Build.0 = Release|Any CPU
		{F86736D0-104F-4158-A2A5-26CE80DC56BB}.Debug|Any CPU.ActiveCfg = Debug|Any CPU
		{F86736D0-104F-4158-A2A5-26CE80DC56BB}.Debug|Any CPU.Build.0 = Debug|Any CPU
		{F86736D0-104F-4158-A2A5-26CE80DC56BB}.Debug|ARM.ActiveCfg = Debug|Any CPU
		{F86736D0-104F-4158-A2A5-26CE80DC56BB}.Debug|ARM.Build.0 = Debug|Any CPU
		{F86736D0-104F-4158-A2A5-26CE80DC56BB}.Debug|ARM64.ActiveCfg = Debug|Any CPU
		{F86736D0-104F-4158-A2A5-26CE80DC56BB}.Debug|ARM64.Build.0 = Debug|Any CPU
		{F86736D0-104F-4158-A2A5-26CE80DC56BB}.Debug|x64.ActiveCfg = Debug|Any CPU
		{F86736D0-104F-4158-A2A5-26CE80DC56BB}.Debug|x64.Build.0 = Debug|Any CPU
		{F86736D0-104F-4158-A2A5-26CE80DC56BB}.Debug|x86.ActiveCfg = Debug|Any CPU
		{F86736D0-104F-4158-A2A5-26CE80DC56BB}.Debug|x86.Build.0 = Debug|Any CPU
		{F86736D0-104F-4158-A2A5-26CE80DC56BB}.Release|Any CPU.ActiveCfg = Release|Any CPU
		{F86736D0-104F-4158-A2A5-26CE80DC56BB}.Release|Any CPU.Build.0 = Release|Any CPU
		{F86736D0-104F-4158-A2A5-26CE80DC56BB}.Release|ARM.ActiveCfg = Release|Any CPU
		{F86736D0-104F-4158-A2A5-26CE80DC56BB}.Release|ARM.Build.0 = Release|Any CPU
		{F86736D0-104F-4158-A2A5-26CE80DC56BB}.Release|ARM64.ActiveCfg = Release|Any CPU
		{F86736D0-104F-4158-A2A5-26CE80DC56BB}.Release|ARM64.Build.0 = Release|Any CPU
		{F86736D0-104F-4158-A2A5-26CE80DC56BB}.Release|x64.ActiveCfg = Release|Any CPU
		{F86736D0-104F-4158-A2A5-26CE80DC56BB}.Release|x64.Build.0 = Release|Any CPU
		{F86736D0-104F-4158-A2A5-26CE80DC56BB}.Release|x86.ActiveCfg = Release|Any CPU
		{F86736D0-104F-4158-A2A5-26CE80DC56BB}.Release|x86.Build.0 = Release|Any CPU
		{6DA0B118-5B4E-4A0A-BA53-23C18D957006}.Debug|Any CPU.ActiveCfg = Debug|Any CPU
		{6DA0B118-5B4E-4A0A-BA53-23C18D957006}.Debug|Any CPU.Build.0 = Debug|Any CPU
		{6DA0B118-5B4E-4A0A-BA53-23C18D957006}.Debug|ARM.ActiveCfg = Debug|Any CPU
		{6DA0B118-5B4E-4A0A-BA53-23C18D957006}.Debug|ARM.Build.0 = Debug|Any CPU
		{6DA0B118-5B4E-4A0A-BA53-23C18D957006}.Debug|ARM64.ActiveCfg = Debug|Any CPU
		{6DA0B118-5B4E-4A0A-BA53-23C18D957006}.Debug|ARM64.Build.0 = Debug|Any CPU
		{6DA0B118-5B4E-4A0A-BA53-23C18D957006}.Debug|x64.ActiveCfg = Debug|Any CPU
		{6DA0B118-5B4E-4A0A-BA53-23C18D957006}.Debug|x64.Build.0 = Debug|Any CPU
		{6DA0B118-5B4E-4A0A-BA53-23C18D957006}.Debug|x86.ActiveCfg = Debug|Any CPU
		{6DA0B118-5B4E-4A0A-BA53-23C18D957006}.Debug|x86.Build.0 = Debug|Any CPU
		{6DA0B118-5B4E-4A0A-BA53-23C18D957006}.Release|Any CPU.ActiveCfg = Release|Any CPU
		{6DA0B118-5B4E-4A0A-BA53-23C18D957006}.Release|Any CPU.Build.0 = Release|Any CPU
		{6DA0B118-5B4E-4A0A-BA53-23C18D957006}.Release|ARM.ActiveCfg = Release|Any CPU
		{6DA0B118-5B4E-4A0A-BA53-23C18D957006}.Release|ARM.Build.0 = Release|Any CPU
		{6DA0B118-5B4E-4A0A-BA53-23C18D957006}.Release|ARM64.ActiveCfg = Release|Any CPU
		{6DA0B118-5B4E-4A0A-BA53-23C18D957006}.Release|ARM64.Build.0 = Release|Any CPU
		{6DA0B118-5B4E-4A0A-BA53-23C18D957006}.Release|x64.ActiveCfg = Release|Any CPU
		{6DA0B118-5B4E-4A0A-BA53-23C18D957006}.Release|x64.Build.0 = Release|Any CPU
		{6DA0B118-5B4E-4A0A-BA53-23C18D957006}.Release|x86.ActiveCfg = Release|Any CPU
		{6DA0B118-5B4E-4A0A-BA53-23C18D957006}.Release|x86.Build.0 = Release|Any CPU
	EndGlobalSection
	GlobalSection(SolutionProperties) = preSolution
		HideSolutionNode = FALSE
	EndGlobalSection
	GlobalSection(NestedProjects) = preSolution
		{CF7E490F-2CED-4287-A704-766DE5C90B1B} = {7F4ED901-668D-48FB-A172-4C263A3ABC02}
		{57648E9E-B953-40C7-85FC-503270B99640} = {7F4ED901-668D-48FB-A172-4C263A3ABC02}
		{786AC582-C333-43FB-8643-53FFE36D8D2A} = {7F4ED901-668D-48FB-A172-4C263A3ABC02}
		{BED25B87-79B9-4AFD-A785-8DB7CAFFF8BF} = {7F4ED901-668D-48FB-A172-4C263A3ABC02}
	EndGlobalSection
	GlobalSection(ExtensibilityGlobals) = postSolution
		SolutionGuid = {1F3B75F9-BA14-4B1C-9571-174E50EB5C7D}
	EndGlobalSection
EndGlobal
